PODS:
  - NewRelicVideoCore (3.0.1)

DEPENDENCIES:
  - NewRelicVideoCore (from `../../../`)

EXTERNAL SOURCES:
  NewRelicVideoCore:
    :path: "../../../"

SPEC CHECKSUMS:
  NewRelicVideoCore: 9ac5d86ee51b4f129b18ca84c2ea92f76db23e55

PODFILE CHECKSUM: 4663825557d663fb01a625eecc5036b54719f10c

COCOAPODS: 1.16.2
