PODS:
  - NewRelicVideoCore (4.0.0)

DEPENDENCIES:
  - NewRelicVideoCore (from `../../../`)

EXTERNAL SOURCES:
  NewRelicVideoCore:
    :path: "../../../"

SPEC CHECKSUMS:
  NewRelicVideoCore: 8e88213151f07631d9b3a5d026e3f8ba15826829

PODFILE CHECKSUM: 4663825557d663fb01a625eecc5036b54719f10c

COCOAPODS: 1.16.2
