// !$*UTF8*$!
{
	archiveVersion = 1;
	classes = {
	};
	objectVersion = 54;
	objects = {

/* Begin PBXBuildFile section */
		9C01D71E258CD4100044FAB0 /* NewRelicVideoCore.h in Headers */ = {isa = PBXBuildFile; fileRef = 9CE7991D25837C9400157199 /* NewRelicVideoCore.h */; settings = {ATTRIBUTES = (Public, ); }; };
		9C01D739258CD4750044FAB0 /* NRTracker.h in Headers */ = {isa = PBXBuildFile; fileRef = 9C01D724258CD4740044FAB0 /* NRTracker.h */; settings = {ATTRIBUTES = (Public, ); }; };
		9C01D73A258CD4750044FAB0 /* NRTracker.h in Headers */ = {isa = PBXBuildFile; fileRef = 9C01D724258CD4740044FAB0 /* NRTracker.h */; settings = {ATTRIBUTES = (Public, ); }; };
		9C01D73B258CD4750044FAB0 /* NRVideoTracker.m in Sources */ = {isa = PBXBuildFile; fileRef = 9C01D725258CD4740044FAB0 /* NRVideoTracker.m */; };
		9C01D73C258CD4750044FAB0 /* NRVideoTracker.m in Sources */ = {isa = PBXBuildFile; fileRef = 9C01D725258CD4740044FAB0 /* NRVideoTracker.m */; };
		9C01D73D258CD4750044FAB0 /* NRTracker.m in Sources */ = {isa = PBXBuildFile; fileRef = 9C01D726258CD4740044FAB0 /* NRTracker.m */; };
		9C01D73E258CD4760044FAB0 /* NRTracker.m in Sources */ = {isa = PBXBuildFile; fileRef = 9C01D726258CD4740044FAB0 /* NRTracker.m */; };
		9C01D73F258CD4760044FAB0 /* NRVideoTracker.h in Headers */ = {isa = PBXBuildFile; fileRef = 9C01D727258CD4740044FAB0 /* NRVideoTracker.h */; settings = {ATTRIBUTES = (Public, ); }; };
		9C01D740258CD4760044FAB0 /* NRVideoTracker.h in Headers */ = {isa = PBXBuildFile; fileRef = 9C01D727258CD4740044FAB0 /* NRVideoTracker.h */; settings = {ATTRIBUTES = (Public, ); }; };
		9C01D741258CD4760044FAB0 /* NRVideoLog.h in Headers */ = {isa = PBXBuildFile; fileRef = 9C01D729258CD4740044FAB0 /* NRVideoLog.h */; settings = {ATTRIBUTES = (Public, ); }; };
		9C01D742258CD4760044FAB0 /* NRVideoLog.h in Headers */ = {isa = PBXBuildFile; fileRef = 9C01D729258CD4740044FAB0 /* NRVideoLog.h */; settings = {ATTRIBUTES = (Public, ); }; };
		9C01D743258CD4760044FAB0 /* NRVideoLog.m in Sources */ = {isa = PBXBuildFile; fileRef = 9C01D72A258CD4740044FAB0 /* NRVideoLog.m */; };
		9C01D744258CD4760044FAB0 /* NRVideoLog.m in Sources */ = {isa = PBXBuildFile; fileRef = 9C01D72A258CD4740044FAB0 /* NRVideoLog.m */; };
		9C01D745258CD4760044FAB0 /* NewRelicVideoAgent.m in Sources */ = {isa = PBXBuildFile; fileRef = 9C01D72B258CD4740044FAB0 /* NewRelicVideoAgent.m */; };
		9C01D746258CD4760044FAB0 /* NewRelicVideoAgent.m in Sources */ = {isa = PBXBuildFile; fileRef = 9C01D72B258CD4740044FAB0 /* NewRelicVideoAgent.m */; };
		9C01D747258CD4760044FAB0 /* NRTrackerPair.h in Headers */ = {isa = PBXBuildFile; fileRef = 9C01D72D258CD4750044FAB0 /* NRTrackerPair.h */; settings = {ATTRIBUTES = (Public, ); }; };
		9C01D748258CD4760044FAB0 /* NRTrackerPair.h in Headers */ = {isa = PBXBuildFile; fileRef = 9C01D72D258CD4750044FAB0 /* NRTrackerPair.h */; settings = {ATTRIBUTES = (Public, ); }; };
		9C01D749258CD4770044FAB0 /* NREventAttributes.h in Headers */ = {isa = PBXBuildFile; fileRef = 9C01D72E258CD4750044FAB0 /* NREventAttributes.h */; settings = {ATTRIBUTES = (Public, ); }; };
		9C01D74A258CD4770044FAB0 /* NREventAttributes.h in Headers */ = {isa = PBXBuildFile; fileRef = 9C01D72E258CD4750044FAB0 /* NREventAttributes.h */; settings = {ATTRIBUTES = (Public, ); }; };
		9C01D74B258CD4770044FAB0 /* NRTimeSinceTable.m in Sources */ = {isa = PBXBuildFile; fileRef = 9C01D72F258CD4750044FAB0 /* NRTimeSinceTable.m */; };
		9C01D74C258CD4770044FAB0 /* NRTimeSinceTable.m in Sources */ = {isa = PBXBuildFile; fileRef = 9C01D72F258CD4750044FAB0 /* NRTimeSinceTable.m */; };
		9C01D74D258CD4770044FAB0 /* NRTimeSince.m in Sources */ = {isa = PBXBuildFile; fileRef = 9C01D730258CD4750044FAB0 /* NRTimeSince.m */; };
		9C01D74E258CD4770044FAB0 /* NRTimeSince.m in Sources */ = {isa = PBXBuildFile; fileRef = 9C01D730258CD4750044FAB0 /* NRTimeSince.m */; };
		9C01D74F258CD4770044FAB0 /* NRTrackerState.h in Headers */ = {isa = PBXBuildFile; fileRef = 9C01D731258CD4750044FAB0 /* NRTrackerState.h */; settings = {ATTRIBUTES = (Public, ); }; };
		9C01D750258CD4770044FAB0 /* NRTrackerState.h in Headers */ = {isa = PBXBuildFile; fileRef = 9C01D731258CD4750044FAB0 /* NRTrackerState.h */; settings = {ATTRIBUTES = (Public, ); }; };
		9C01D751258CD4770044FAB0 /* NRTrackerPair.m in Sources */ = {isa = PBXBuildFile; fileRef = 9C01D732258CD4750044FAB0 /* NRTrackerPair.m */; };
		9C01D752258CD4770044FAB0 /* NRTrackerPair.m in Sources */ = {isa = PBXBuildFile; fileRef = 9C01D732258CD4750044FAB0 /* NRTrackerPair.m */; };
		9C01D753258CD4770044FAB0 /* NREventAttributes.m in Sources */ = {isa = PBXBuildFile; fileRef = 9C01D733258CD4750044FAB0 /* NREventAttributes.m */; };
		9C01D754258CD4770044FAB0 /* NREventAttributes.m in Sources */ = {isa = PBXBuildFile; fileRef = 9C01D733258CD4750044FAB0 /* NREventAttributes.m */; };
		9C01D755258CD4770044FAB0 /* NRTrackerState.m in Sources */ = {isa = PBXBuildFile; fileRef = 9C01D734258CD4750044FAB0 /* NRTrackerState.m */; };
		9C01D756258CD4770044FAB0 /* NRTrackerState.m in Sources */ = {isa = PBXBuildFile; fileRef = 9C01D734258CD4750044FAB0 /* NRTrackerState.m */; };
		9C01D757258CD4780044FAB0 /* NRTimeSince.h in Headers */ = {isa = PBXBuildFile; fileRef = 9C01D735258CD4750044FAB0 /* NRTimeSince.h */; settings = {ATTRIBUTES = (Public, ); }; };
		9C01D758258CD4780044FAB0 /* NRTimeSince.h in Headers */ = {isa = PBXBuildFile; fileRef = 9C01D735258CD4750044FAB0 /* NRTimeSince.h */; settings = {ATTRIBUTES = (Public, ); }; };
		9C01D759258CD4780044FAB0 /* NRTimeSinceTable.h in Headers */ = {isa = PBXBuildFile; fileRef = 9C01D736258CD4750044FAB0 /* NRTimeSinceTable.h */; settings = {ATTRIBUTES = (Public, ); }; };
		9C01D75A258CD4780044FAB0 /* NRTimeSinceTable.h in Headers */ = {isa = PBXBuildFile; fileRef = 9C01D736258CD4750044FAB0 /* NRTimeSinceTable.h */; settings = {ATTRIBUTES = (Public, ); }; };
		9C01D75B258CD4780044FAB0 /* NewRelicVideoAgent.h in Headers */ = {isa = PBXBuildFile; fileRef = 9C01D737258CD4750044FAB0 /* NewRelicVideoAgent.h */; settings = {ATTRIBUTES = (Public, ); }; };
		9C01D75C258CD4780044FAB0 /* NewRelicVideoAgent.h in Headers */ = {isa = PBXBuildFile; fileRef = 9C01D737258CD4750044FAB0 /* NewRelicVideoAgent.h */; settings = {ATTRIBUTES = (Public, ); }; };
		9C01D75D258CD4780044FAB0 /* NRVideoDefs.h in Headers */ = {isa = PBXBuildFile; fileRef = 9C01D738258CD4750044FAB0 /* NRVideoDefs.h */; settings = {ATTRIBUTES = (Public, ); }; };
		9C01D75E258CD4780044FAB0 /* NRVideoDefs.h in Headers */ = {isa = PBXBuildFile; fileRef = 9C01D738258CD4750044FAB0 /* NRVideoDefs.h */; settings = {ATTRIBUTES = (Public, ); }; };
		9C4F8952258D077F0070CC2D /* SystemConfiguration.framework in Frameworks */ = {isa = PBXBuildFile; fileRef = 9C4F8951258D077F0070CC2D /* SystemConfiguration.framework */; };
		9C4F8954258D07860070CC2D /* CoreTelephony.framework in Frameworks */ = {isa = PBXBuildFile; fileRef = 9C4F8953258D07860070CC2D /* CoreTelephony.framework */; };
		9CCH0001258CD4750044FAB0 /* NRChrono.h in Headers */ = {isa = PBXBuildFile; fileRef = 9CCH0003258CD4750044FAB0 /* NRChrono.h */; };
		9CCH0002258CD4750044FAB0 /* NRChrono.h in Headers */ = {isa = PBXBuildFile; fileRef = 9CCH0003258CD4750044FAB0 /* NRChrono.h */; };
		9CCH0004258CD4750044FAB0 /* NRChrono.m in Sources */ = {isa = PBXBuildFile; fileRef = 9CCH0005258CD4750044FAB0 /* NRChrono.m */; };
		9CCH0006258CD4750044FAB0 /* NRChrono.m in Sources */ = {isa = PBXBuildFile; fileRef = 9CCH0005258CD4750044FAB0 /* NRChrono.m */; };
		9CNEW71CE35C656124EB2B8CA /* NRVAVideo.h in Headers */ = {isa = PBXBuildFile; fileRef = 9CNEW82553CBB1CF24833872D /* NRVAVideo.h */; settings = {ATTRIBUTES = (Public, ); }; };
		9CNEW675C6E5EA3634CCC8FC6 /* NRVAVideo.h in Headers */ = {isa = PBXBuildFile; fileRef = 9CNEW82553CBB1CF24833872D /* NRVAVideo.h */; settings = {ATTRIBUTES = (Public, ); }; };
		9CNEWE7DE82391DA345968344 /* NRVAVideo.m in Sources */ = {isa = PBXBuildFile; fileRef = 9CNEWD69ECFB4F99C4850A773 /* NRVAVideo.m */; };
		9CNEWA32CB040EC9043BC8378 /* NRVAVideo.m in Sources */ = {isa = PBXBuildFile; fileRef = 9CNEWD69ECFB4F99C4850A773 /* NRVAVideo.m */; };
		9CNEW12E01B93C3F0469BA1C2 /* NRVAVideoConfiguration.h in Headers */ = {isa = PBXBuildFile; fileRef = 9CNEW585E2C2BCA524422AABE /* NRVAVideoConfiguration.h */; settings = {ATTRIBUTES = (Public, ); }; };
		9CNEW727ADBB0BAB745EA9FA7 /* NRVAVideoConfiguration.h in Headers */ = {isa = PBXBuildFile; fileRef = 9CNEW585E2C2BCA524422AABE /* NRVAVideoConfiguration.h */; settings = {ATTRIBUTES = (Public, ); }; };
		9CNEW8D97F29E74D14E979C78 /* NRVAVideoConfiguration.m in Sources */ = {isa = PBXBuildFile; fileRef = 9CNEW6F7A756201134FD4AE0B /* NRVAVideoConfiguration.m */; };
		9CNEW6D58B157475C47B9B313 /* NRVAVideoConfiguration.m in Sources */ = {isa = PBXBuildFile; fileRef = 9CNEW6F7A756201134FD4AE0B /* NRVAVideoConfiguration.m */; };
		9CNEW5DA15487F5374398B9C0 /* NRVAVideoPlayerConfiguration.h in Headers */ = {isa = PBXBuildFile; fileRef = 9CNEW2DBF4ECA16594F079F83 /* NRVAVideoPlayerConfiguration.h */; settings = {ATTRIBUTES = (Public, ); }; };
		9CNEW676BA960CA6441BE893A /* NRVAVideoPlayerConfiguration.h in Headers */ = {isa = PBXBuildFile; fileRef = 9CNEW2DBF4ECA16594F079F83 /* NRVAVideoPlayerConfiguration.h */; settings = {ATTRIBUTES = (Public, ); }; };
		9CNEW6165FB0E3C314395A50D /* NRVAVideoPlayerConfiguration.m in Sources */ = {isa = PBXBuildFile; fileRef = 9CNEWFA75BA3A2E954FBE9116 /* NRVAVideoPlayerConfiguration.m */; };
		9CNEW6DA1F57BE71348A2BF7A /* NRVAVideoPlayerConfiguration.m in Sources */ = {isa = PBXBuildFile; fileRef = 9CNEWFA75BA3A2E954FBE9116 /* NRVAVideoPlayerConfiguration.m */; };
		9CAUTO488422E6C1ED424E935E /* NRVATokenManager.h in Headers */ = {isa = PBXBuildFile; fileRef = 9CAUTOA0823B66BDC7454495BF /* NRVATokenManager.h */; };
		9CAUTO761A787F2EF549C18276 /* NRVATokenManager.h in Headers */ = {isa = PBXBuildFile; fileRef = 9CAUTOA0823B66BDC7454495BF /* NRVATokenManager.h */; };
		9CAUTODD8295253288469EA1D6 /* NRVATokenManager.m in Sources */ = {isa = PBXBuildFile; fileRef = 9CAUTO393BB16A6D494655B394 /* NRVATokenManager.m */; };
		9CAUTOE34D9BC26960450D8121 /* NRVATokenManager.m in Sources */ = {isa = PBXBuildFile; fileRef = 9CAUTO393BB16A6D494655B394 /* NRVATokenManager.m */; };
		9CAUTO9545923D2DBA4455844D /* NRVADeviceInformation.h in Headers */ = {isa = PBXBuildFile; fileRef = 9CAUTO7F598A7E48424656BD8A /* NRVADeviceInformation.h */; };
		9CAUTO61915BEAA21949C3AB3C /* NRVADeviceInformation.h in Headers */ = {isa = PBXBuildFile; fileRef = 9CAUTO7F598A7E48424656BD8A /* NRVADeviceInformation.h */; };
		9CAUTO5E814DBD0F3D490E8B22 /* NRVADeviceInformation.m in Sources */ = {isa = PBXBuildFile; fileRef = 9CAUTO87B39528EA5A412EBA75 /* NRVADeviceInformation.m */; };
		9CAUTO5B9CFA2E6CFA4963ADDF /* NRVADeviceInformation.m in Sources */ = {isa = PBXBuildFile; fileRef = 9CAUTO87B39528EA5A412EBA75 /* NRVADeviceInformation.m */; };
		9CAUTO65776617E5044569938E /* NRVAErrorExceptionHandler.h in Headers */ = {isa = PBXBuildFile; fileRef = 9CAUTO6494AFBCB6694ABFA730 /* NRVAErrorExceptionHandler.h */; };
		9CAUTOE8D981FA37A746A19244 /* NRVAErrorExceptionHandler.h in Headers */ = {isa = PBXBuildFile; fileRef = 9CAUTO6494AFBCB6694ABFA730 /* NRVAErrorExceptionHandler.h */; };
		9CAUTO48DC8EEB9B2F49E0B595 /* NRVAErrorExceptionHandler.m in Sources */ = {isa = PBXBuildFile; fileRef = 9CAUTO8D630C58962B4E43AEA7 /* NRVAErrorExceptionHandler.m */; };
		9CAUTO287CD7A1C9B44561AF4F /* NRVAErrorExceptionHandler.m in Sources */ = {isa = PBXBuildFile; fileRef = 9CAUTO8D630C58962B4E43AEA7 /* NRVAErrorExceptionHandler.m */; };
		9CAUTO7A7969714108486E8ACC /* NRVADeadLetterEventBuffer.h in Headers */ = {isa = PBXBuildFile; fileRef = 9CAUTOEB80D317F616410981C2 /* NRVADeadLetterEventBuffer.h */; };
		9CAUTO19321CFE837344B48697 /* NRVADeadLetterEventBuffer.h in Headers */ = {isa = PBXBuildFile; fileRef = 9CAUTOEB80D317F616410981C2 /* NRVADeadLetterEventBuffer.h */; };
		9CAUTOBD8C1B2E58FA407FA6DD /* NRVADeadLetterEventBuffer.m in Sources */ = {isa = PBXBuildFile; fileRef = 9CAUTO2851392D60A144438286 /* NRVADeadLetterEventBuffer.m */; };
		9CAUTOC202DF5FD094460FAF57 /* NRVADeadLetterEventBuffer.m in Sources */ = {isa = PBXBuildFile; fileRef = 9CAUTO2851392D60A144438286 /* NRVADeadLetterEventBuffer.m */; };
		9CAUTODE811BA6469844B09B98 /* NRVADefaultSizeEstimator.h in Headers */ = {isa = PBXBuildFile; fileRef = 9CAUTO0A63D03D7B5F4DFE9F22 /* NRVADefaultSizeEstimator.h */; };
		9CAUTOC934278640464CEB829F /* NRVADefaultSizeEstimator.h in Headers */ = {isa = PBXBuildFile; fileRef = 9CAUTO0A63D03D7B5F4DFE9F22 /* NRVADefaultSizeEstimator.h */; };
		9CAUTOFB4962202C9F4E8D9D0F /* NRVADefaultSizeEstimator.m in Sources */ = {isa = PBXBuildFile; fileRef = 9CAUTO8FFB0DE496B34DFEBA03 /* NRVADefaultSizeEstimator.m */; };
		9CAUTO8F5800F0C7FD4AA3B3F0 /* NRVADefaultSizeEstimator.m in Sources */ = {isa = PBXBuildFile; fileRef = 9CAUTO8FFB0DE496B34DFEBA03 /* NRVADefaultSizeEstimator.m */; };
		9CAUTO104A037177F24D39A55E /* NRVAEventBufferInterface.h in Headers */ = {isa = PBXBuildFile; fileRef = 9CAUTOAFE8BE46C0674086A519 /* NRVAEventBufferInterface.h */; };
		9CAUTO8E8A0BBB92D84A95B39E /* NRVAEventBufferInterface.h in Headers */ = {isa = PBXBuildFile; fileRef = 9CAUTOAFE8BE46C0674086A519 /* NRVAEventBufferInterface.h */; };
		9CAUTO8AB9B76A72E94CB39198 /* NRVAHarvestComponentFactory.h in Headers */ = {isa = PBXBuildFile; fileRef = 9CAUTO80C37BDDCEA146AEA9E1 /* NRVAHarvestComponentFactory.h */; };
		9CAUTOCC26632D4A1A4BC6BACA /* NRVAHarvestComponentFactory.h in Headers */ = {isa = PBXBuildFile; fileRef = 9CAUTO80C37BDDCEA146AEA9E1 /* NRVAHarvestComponentFactory.h */; };
		9CAUTO9979DEC0F7ED4BBF84C8 /* NRVAHarvestManager.h in Headers */ = {isa = PBXBuildFile; fileRef = 9CAUTO2012CF9D629447F6BB2D /* NRVAHarvestManager.h */; };
		9CAUTOCD08D97333254BDC91D5 /* NRVAHarvestManager.h in Headers */ = {isa = PBXBuildFile; fileRef = 9CAUTO2012CF9D629447F6BB2D /* NRVAHarvestManager.h */; };
		9CAUTOE7E52635C7134A9AB1E1 /* NRVAHarvestManager.m in Sources */ = {isa = PBXBuildFile; fileRef = 9CAUTODB0CC6EE005E4EEF96EB /* NRVAHarvestManager.m */; };
		9CAUTO7AC67B03D0654F8BBF10 /* NRVAHarvestManager.m in Sources */ = {isa = PBXBuildFile; fileRef = 9CAUTODB0CC6EE005E4EEF96EB /* NRVAHarvestManager.m */; };
		9CAUTO0A2209229D344B69A6D8 /* NRVAHttpClientInterface.h in Headers */ = {isa = PBXBuildFile; fileRef = 9CAUTOD57954B194154DC19558 /* NRVAHttpClientInterface.h */; };
		9CAUTO5333C1098004457B8CFA /* NRVAHttpClientInterface.h in Headers */ = {isa = PBXBuildFile; fileRef = 9CAUTOD57954B194154DC19558 /* NRVAHttpClientInterface.h */; };
		9CAUTOFF15BB458E2A435F9559 /* NRVAMultiTaskHarvestScheduler.h in Headers */ = {isa = PBXBuildFile; fileRef = 9CAUTO2684A6E002BC461B91BA /* NRVAMultiTaskHarvestScheduler.h */; };
		9CAUTO25434215B3AF4394A53B /* NRVAMultiTaskHarvestScheduler.h in Headers */ = {isa = PBXBuildFile; fileRef = 9CAUTO2684A6E002BC461B91BA /* NRVAMultiTaskHarvestScheduler.h */; };
		9CAUTOEA1123DDE95F44128A23 /* NRVAMultiTaskHarvestScheduler.m in Sources */ = {isa = PBXBuildFile; fileRef = 9CAUTOD894600173434D11957B /* NRVAMultiTaskHarvestScheduler.m */; };
		9CAUTO8204D3B8C55B46DF8689 /* NRVAMultiTaskHarvestScheduler.m in Sources */ = {isa = PBXBuildFile; fileRef = 9CAUTOD894600173434D11957B /* NRVAMultiTaskHarvestScheduler.m */; };
		9CAUTO767EE83511EB4B608626 /* NRVAOptimizedHttpClient.h in Headers */ = {isa = PBXBuildFile; fileRef = 9CAUTO0CD9F3C56E32479DB5A7 /* NRVAOptimizedHttpClient.h */; };
		9CAUTO367D337E93B5486B976B /* NRVAOptimizedHttpClient.h in Headers */ = {isa = PBXBuildFile; fileRef = 9CAUTO0CD9F3C56E32479DB5A7 /* NRVAOptimizedHttpClient.h */; };
		9CAUTO33EE5A93540449A69AF4 /* NRVAOptimizedHttpClient.m in Sources */ = {isa = PBXBuildFile; fileRef = 9CAUTOA667807066E44FB09962 /* NRVAOptimizedHttpClient.m */; };
		9CAUTOCB407E87BC7D4F6E9146 /* NRVAOptimizedHttpClient.m in Sources */ = {isa = PBXBuildFile; fileRef = 9CAUTOA667807066E44FB09962 /* NRVAOptimizedHttpClient.m */; };
		9CAUTO39AE398CB33F44CC8D03 /* NRVAPriorityEventBuffer.h in Headers */ = {isa = PBXBuildFile; fileRef = 9CAUTO08B8071893004616A008 /* NRVAPriorityEventBuffer.h */; };
		9CAUTODE0A0525C31341C19313 /* NRVAPriorityEventBuffer.h in Headers */ = {isa = PBXBuildFile; fileRef = 9CAUTO08B8071893004616A008 /* NRVAPriorityEventBuffer.h */; };
		9CAUTOD7A4D3F4F18A4D23A521 /* NRVAPriorityEventBuffer.m in Sources */ = {isa = PBXBuildFile; fileRef = 9CAUTO1C79A32239E74F82803C /* NRVAPriorityEventBuffer.m */; };
		9CAUTO692BDD150A6F41359CD1 /* NRVAPriorityEventBuffer.m in Sources */ = {isa = PBXBuildFile; fileRef = 9CAUTO1C79A32239E74F82803C /* NRVAPriorityEventBuffer.m */; };
		9CAUTO20F5C4B78E6D4CE7A2A5 /* NRVASchedulerInterface.h in Headers */ = {isa = PBXBuildFile; fileRef = 9CAUTO993BF5A856DF403686E1 /* NRVASchedulerInterface.h */; };
		9CAUTO938CB7898E2D409B8D5C /* NRVASchedulerInterface.h in Headers */ = {isa = PBXBuildFile; fileRef = 9CAUTO993BF5A856DF403686E1 /* NRVASchedulerInterface.h */; };
		9CAUTO2A78D4D780EB4321A278 /* NRVASizeEstimator.h in Headers */ = {isa = PBXBuildFile; fileRef = 9CAUTO0F169CC3CADE46059117 /* NRVASizeEstimator.h */; };
		9CAUTO5A4D108D3B34428BAD46 /* NRVASizeEstimator.h in Headers */ = {isa = PBXBuildFile; fileRef = 9CAUTO0F169CC3CADE46059117 /* NRVASizeEstimator.h */; };
		9CAUTOA31590E3FB094381BBB3 /* NRVAVideoLifecycleObserver.h in Headers */ = {isa = PBXBuildFile; fileRef = 9CAUTO8196F66DA79947CC8197 /* NRVAVideoLifecycleObserver.h */; };
		9CAUTOBD36FB7A018440B4B9EE /* NRVAVideoLifecycleObserver.h in Headers */ = {isa = PBXBuildFile; fileRef = 9CAUTO8196F66DA79947CC8197 /* NRVAVideoLifecycleObserver.h */; };
		9CAUTOF1104EFB48F048A2908E /* NRVAVideoLifecycleObserver.m in Sources */ = {isa = PBXBuildFile; fileRef = 9CAUTO4BA1B16F84D34161A25E /* NRVAVideoLifecycleObserver.m */; };
		9CAUTO236F6787CB434B7EABEC /* NRVAVideoLifecycleObserver.m in Sources */ = {isa = PBXBuildFile; fileRef = 9CAUTO4BA1B16F84D34161A25E /* NRVAVideoLifecycleObserver.m */; };
		9CAUTO38EDCC33EF6947F4B917 /* NRVACrashSafeEventBuffer.h in Headers */ = {isa = PBXBuildFile; fileRef = 9CAUTO82E7D83ACD7A413CA002 /* NRVACrashSafeEventBuffer.h */; };
		9CAUTOA6D2EA005CEA422DBA87 /* NRVACrashSafeEventBuffer.h in Headers */ = {isa = PBXBuildFile; fileRef = 9CAUTO82E7D83ACD7A413CA002 /* NRVACrashSafeEventBuffer.h */; };
		9CAUTO418519C975EA40649C3F /* NRVACrashSafeEventBuffer.m in Sources */ = {isa = PBXBuildFile; fileRef = 9CAUTO45CB648C10544CBD9105 /* NRVACrashSafeEventBuffer.m */; };
		9CAUTO4A3CD4D48E6946B9AFB0 /* NRVACrashSafeEventBuffer.m in Sources */ = {isa = PBXBuildFile; fileRef = 9CAUTO45CB648C10544CBD9105 /* NRVACrashSafeEventBuffer.m */; };
		9CAUTO9454452CD631419E8B75 /* NRVACrashSafeHarvestFactory.h in Headers */ = {isa = PBXBuildFile; fileRef = 9CAUTOE020CA10AE744ADCAFA8 /* NRVACrashSafeHarvestFactory.h */; };
		9CAUTOAF3B3A6B11614B3F8AD4 /* NRVACrashSafeHarvestFactory.h in Headers */ = {isa = PBXBuildFile; fileRef = 9CAUTOE020CA10AE744ADCAFA8 /* NRVACrashSafeHarvestFactory.h */; };
		9CAUTO21587EE7DD294A12BC26 /* NRVACrashSafeHarvestFactory.m in Sources */ = {isa = PBXBuildFile; fileRef = 9CAUTO3B83B9EC55E9477B906C /* NRVACrashSafeHarvestFactory.m */; };
		9CAUTOB109CBEFED14473EBF6F /* NRVACrashSafeHarvestFactory.m in Sources */ = {isa = PBXBuildFile; fileRef = 9CAUTO3B83B9EC55E9477B906C /* NRVACrashSafeHarvestFactory.m */; };
		9CAUTO0B43EE9421CD4D6DA028 /* NRVAIntegratedDeadLetterHandler.h in Headers */ = {isa = PBXBuildFile; fileRef = 9CAUTO4AAE511A7E05466B9956 /* NRVAIntegratedDeadLetterHandler.h */; };
		9CAUTO2512011AD1CE4A4AA542 /* NRVAIntegratedDeadLetterHandler.h in Headers */ = {isa = PBXBuildFile; fileRef = 9CAUTO4AAE511A7E05466B9956 /* NRVAIntegratedDeadLetterHandler.h */; };
		9CAUTOF67AE8CFCA044718BEEA /* NRVAIntegratedDeadLetterHandler.m in Sources */ = {isa = PBXBuildFile; fileRef = 9CAUTO9719BA5E72FC433583FB /* NRVAIntegratedDeadLetterHandler.m */; };
		9CAUTOBBD84AA7FFDD499F8BCC /* NRVAIntegratedDeadLetterHandler.m in Sources */ = {isa = PBXBuildFile; fileRef = 9CAUTO9719BA5E72FC433583FB /* NRVAIntegratedDeadLetterHandler.m */; };
		9CAUTO4ABD4C4A6CC54E549CE5 /* NRVAOfflineStorage.h in Headers */ = {isa = PBXBuildFile; fileRef = 9CAUTO07BB415B385044A1A273 /* NRVAOfflineStorage.h */; };
		9CAUTODFD95E6696A84B738FE9 /* NRVAOfflineStorage.h in Headers */ = {isa = PBXBuildFile; fileRef = 9CAUTO07BB415B385044A1A273 /* NRVAOfflineStorage.h */; };
		9CAUTO3C4A2A196F4B49DABB92 /* NRVAOfflineStorage.m in Sources */ = {isa = PBXBuildFile; fileRef = 9CAUTO8C050B89E4D14DA299FF /* NRVAOfflineStorage.m */; };
		9CAUTO1FE342C617EF496D9766 /* NRVAOfflineStorage.m in Sources */ = {isa = PBXBuildFile; fileRef = 9CAUTO8C050B89E4D14DA299FF /* NRVAOfflineStorage.m */; };
		9CAUTO548538F5FF19413A9531 /* NRVALog.h in Headers */ = {isa = PBXBuildFile; fileRef = 9CAUTO8A7AAFB3EDA34BF991EC /* NRVALog.h */; };
		9CAUTO68EAB110F25840B4AEE9 /* NRVALog.h in Headers */ = {isa = PBXBuildFile; fileRef = 9CAUTO8A7AAFB3EDA34BF991EC /* NRVALog.h */; };
		9CAUTO6CC60C6D1DCB4215A86F /* NRVALog.m in Sources */ = {isa = PBXBuildFile; fileRef = 9CAUTO696DB7F7FB00490D8843 /* NRVALog.m */; };
		9CAUTO9A55C0F00EF94183AAFD /* NRVALog.m in Sources */ = {isa = PBXBuildFile; fileRef = 9CAUTO696DB7F7FB00490D8843 /* NRVALog.m */; };
		9CAUTO5DE4B83357F04B64B3D3 /* NRVAUtils.h in Headers */ = {isa = PBXBuildFile; fileRef = 9CAUTOC6AC506039984440B52D /* NRVAUtils.h */; };
		9CAUTO84350987865E41688594 /* NRVAUtils.h in Headers */ = {isa = PBXBuildFile; fileRef = 9CAUTOC6AC506039984440B52D /* NRVAUtils.h */; };
		9CAUTO351BA49C82D24D51A969 /* NRVAUtils.m in Sources */ = {isa = PBXBuildFile; fileRef = 9CAUTO492BFEAB19AB45BEA106 /* NRVAUtils.m */; };
		9CAUTOBCAD2BC8B6AA4A3BBE71 /* NRVAUtils.m in Sources */ = {isa = PBXBuildFile; fileRef = 9CAUTO492BFEAB19AB45BEA106 /* NRVAUtils.m */; };
		9CBCBDB52BCD5E7700B205EE /* PrivacyInfo.xcprivacy in Resources */ = {isa = PBXBuildFile; fileRef = 9CBCBDB42BCD5E7700B205EE /* PrivacyInfo.xcprivacy */; };
		9CBCBDB62BCD5E7700B205EE /* PrivacyInfo.xcprivacy in Resources */ = {isa = PBXBuildFile; fileRef = 9CBCBDB42BCD5E7700B205EE /* PrivacyInfo.xcprivacy */; };
		9CE7992425837C9400157199 /* NewRelicVideoCore.framework in Frameworks */ = {isa = PBXBuildFile; fileRef = 9CE7991A25837C9400157199 /* NewRelicVideoCore.framework */; };
		9CE7992925837C9400157199 /* NewRelicVideoCoreTests.m in Sources */ = {isa = PBXBuildFile; fileRef = 9CE7992825837C9400157199 /* NewRelicVideoCoreTests.m */; };
		9CE7992B25837C9400157199 /* NewRelicVideoCore.h in Headers */ = {isa = PBXBuildFile; fileRef = 9CE7991D25837C9400157199 /* NewRelicVideoCore.h */; settings = {ATTRIBUTES = (Public, ); }; };
		9CE7994425837D0B00157199 /* NewRelicVideoCore.framework in Frameworks */ = {isa = PBXBuildFile; fileRef = 9CE7993B25837D0A00157199 /* NewRelicVideoCore.framework */; };
/* End PBXBuildFile section */

/* Begin PBXContainerItemProxy section */
		9CE7992525837C9400157199 /* PBXContainerItemProxy */ = {
			isa = PBXContainerItemProxy;
			containerPortal = 9CE7991125837C9400157199 /* Project object */;
			proxyType = 1;
			remoteGlobalIDString = 9CE7991925837C9400157199;
			remoteInfo = NewRelicVideoCore;
		};
		9CE7994525837D0B00157199 /* PBXContainerItemProxy */ = {
			isa = PBXContainerItemProxy;
			containerPortal = 9CE7991125837C9400157199 /* Project object */;
			proxyType = 1;
			remoteGlobalIDString = 9CE7993A25837D0A00157199;
			remoteInfo = "tvOS NewRelicVideoCore";
		};
/* End PBXContainerItemProxy section */

/* Begin PBXCopyFilesBuildPhase section */
		9C7BCAB72A3345C400F30D39 /* Embed Frameworks */ = {
			isa = PBXCopyFilesBuildPhase;
			buildActionMask = 2147483647;
			dstPath = "";
			dstSubfolderSpec = 10;
			files = (
			);
			name = "Embed Frameworks";
			runOnlyForDeploymentPostprocessing = 0;
		};
/* End PBXCopyFilesBuildPhase section */

/* Begin PBXFileReference section */
		9C01D724258CD4740044FAB0 /* NRTracker.h */ = {isa = PBXFileReference; fileEncoding = 4; lastKnownFileType = sourcecode.c.h; path = NRTracker.h; sourceTree = "<group>"; };
		9C01D725258CD4740044FAB0 /* NRVideoTracker.m */ = {isa = PBXFileReference; fileEncoding = 4; lastKnownFileType = sourcecode.c.objc; path = NRVideoTracker.m; sourceTree = "<group>"; };
		9C01D726258CD4740044FAB0 /* NRTracker.m */ = {isa = PBXFileReference; fileEncoding = 4; lastKnownFileType = sourcecode.c.objc; path = NRTracker.m; sourceTree = "<group>"; };
		9C01D727258CD4740044FAB0 /* NRVideoTracker.h */ = {isa = PBXFileReference; fileEncoding = 4; lastKnownFileType = sourcecode.c.h; path = NRVideoTracker.h; sourceTree = "<group>"; };
		9C01D729258CD4740044FAB0 /* NRVideoLog.h */ = {isa = PBXFileReference; fileEncoding = 4; lastKnownFileType = sourcecode.c.h; path = NRVideoLog.h; sourceTree = "<group>"; };
		9C01D72A258CD4740044FAB0 /* NRVideoLog.m */ = {isa = PBXFileReference; fileEncoding = 4; lastKnownFileType = sourcecode.c.objc; path = NRVideoLog.m; sourceTree = "<group>"; };
		9C01D72B258CD4740044FAB0 /* NewRelicVideoAgent.m */ = {isa = PBXFileReference; fileEncoding = 4; lastKnownFileType = sourcecode.c.objc; path = NewRelicVideoAgent.m; sourceTree = "<group>"; };
		9C01D72D258CD4750044FAB0 /* NRTrackerPair.h */ = {isa = PBXFileReference; fileEncoding = 4; lastKnownFileType = sourcecode.c.h; path = NRTrackerPair.h; sourceTree = "<group>"; };
		9C01D72E258CD4750044FAB0 /* NREventAttributes.h */ = {isa = PBXFileReference; fileEncoding = 4; lastKnownFileType = sourcecode.c.h; path = NREventAttributes.h; sourceTree = "<group>"; };
		9C01D72F258CD4750044FAB0 /* NRTimeSinceTable.m */ = {isa = PBXFileReference; fileEncoding = 4; lastKnownFileType = sourcecode.c.objc; path = NRTimeSinceTable.m; sourceTree = "<group>"; };
		9C01D730258CD4750044FAB0 /* NRTimeSince.m */ = {isa = PBXFileReference; fileEncoding = 4; lastKnownFileType = sourcecode.c.objc; path = NRTimeSince.m; sourceTree = "<group>"; };
		9C01D731258CD4750044FAB0 /* NRTrackerState.h */ = {isa = PBXFileReference; fileEncoding = 4; lastKnownFileType = sourcecode.c.h; path = NRTrackerState.h; sourceTree = "<group>"; };
		9C01D732258CD4750044FAB0 /* NRTrackerPair.m */ = {isa = PBXFileReference; fileEncoding = 4; lastKnownFileType = sourcecode.c.objc; path = NRTrackerPair.m; sourceTree = "<group>"; };
		9C01D733258CD4750044FAB0 /* NREventAttributes.m */ = {isa = PBXFileReference; fileEncoding = 4; lastKnownFileType = sourcecode.c.objc; path = NREventAttributes.m; sourceTree = "<group>"; };
		9C01D734258CD4750044FAB0 /* NRTrackerState.m */ = {isa = PBXFileReference; fileEncoding = 4; lastKnownFileType = sourcecode.c.objc; path = NRTrackerState.m; sourceTree = "<group>"; };
		9C01D735258CD4750044FAB0 /* NRTimeSince.h */ = {isa = PBXFileReference; fileEncoding = 4; lastKnownFileType = sourcecode.c.h; path = NRTimeSince.h; sourceTree = "<group>"; };
		9C01D736258CD4750044FAB0 /* NRTimeSinceTable.h */ = {isa = PBXFileReference; fileEncoding = 4; lastKnownFileType = sourcecode.c.h; path = NRTimeSinceTable.h; sourceTree = "<group>"; };
		9C01D737258CD4750044FAB0 /* NewRelicVideoAgent.h */ = {isa = PBXFileReference; fileEncoding = 4; lastKnownFileType = sourcecode.c.h; path = NewRelicVideoAgent.h; sourceTree = "<group>"; };
		9C01D738258CD4750044FAB0 /* NRVideoDefs.h */ = {isa = PBXFileReference; fileEncoding = 4; lastKnownFileType = sourcecode.c.h; path = NRVideoDefs.h; sourceTree = "<group>"; };
		9C4F8951258D077F0070CC2D /* SystemConfiguration.framework */ = {isa = PBXFileReference; lastKnownFileType = wrapper.framework; name = SystemConfiguration.framework; path = System/Library/Frameworks/SystemConfiguration.framework; sourceTree = SDKROOT; };
		9C4F8953258D07860070CC2D /* CoreTelephony.framework */ = {isa = PBXFileReference; lastKnownFileType = wrapper.framework; name = CoreTelephony.framework; path = System/Library/Frameworks/CoreTelephony.framework; sourceTree = SDKROOT; };
		9C4F8955258D07940070CC2D /* libz.tbd */ = {isa = PBXFileReference; lastKnownFileType = "sourcecode.text-based-dylib-definition"; name = libz.tbd; path = usr/lib/libz.tbd; sourceTree = SDKROOT; };
		9C4F8956258D07A60070CC2D /* libc++.tbd */ = {isa = PBXFileReference; lastKnownFileType = "sourcecode.text-based-dylib-definition"; name = "libc++.tbd"; path = "usr/lib/libc++.tbd"; sourceTree = SDKROOT; };
		9CCH0003258CD4750044FAB0 /* NRChrono.h */ = {isa = PBXFileReference; fileEncoding = 4; lastKnownFileType = sourcecode.c.h; path = NRChrono.h; sourceTree = "<group>"; };
		9CCH0005258CD4750044FAB0 /* NRChrono.m */ = {isa = PBXFileReference; fileEncoding = 4; lastKnownFileType = sourcecode.c.objc; path = NRChrono.m; sourceTree = "<group>"; };
		9CNEW82553CBB1CF24833872D /* NRVAVideo.h */ = {isa = PBXFileReference; fileEncoding = 4; lastKnownFileType = sourcecode.c.h; path = NRVAVideo.h; sourceTree = "<group>"; };
		9CNEWD69ECFB4F99C4850A773 /* NRVAVideo.m */ = {isa = PBXFileReference; fileEncoding = 4; lastKnownFileType = sourcecode.c.objc; path = NRVAVideo.m; sourceTree = "<group>"; };
		9CNEW585E2C2BCA524422AABE /* NRVAVideoConfiguration.h */ = {isa = PBXFileReference; fileEncoding = 4; lastKnownFileType = sourcecode.c.h; path = NRVAVideoConfiguration.h; sourceTree = "<group>"; };
		9CNEW6F7A756201134FD4AE0B /* NRVAVideoConfiguration.m */ = {isa = PBXFileReference; fileEncoding = 4; lastKnownFileType = sourcecode.c.objc; path = NRVAVideoConfiguration.m; sourceTree = "<group>"; };
		9CNEW2DBF4ECA16594F079F83 /* NRVAVideoPlayerConfiguration.h */ = {isa = PBXFileReference; fileEncoding = 4; lastKnownFileType = sourcecode.c.h; path = NRVAVideoPlayerConfiguration.h; sourceTree = "<group>"; };
		9CNEWFA75BA3A2E954FBE9116 /* NRVAVideoPlayerConfiguration.m */ = {isa = PBXFileReference; fileEncoding = 4; lastKnownFileType = sourcecode.c.objc; path = NRVAVideoPlayerConfiguration.m; sourceTree = "<group>"; };
		9CAUTOA0823B66BDC7454495BF /* NRVATokenManager.h */ = {isa = PBXFileReference; fileEncoding = 4; lastKnownFileType = sourcecode.c.h; path = NRVATokenManager.h; sourceTree = "<group>"; };
		9CAUTO393BB16A6D494655B394 /* NRVATokenManager.m */ = {isa = PBXFileReference; fileEncoding = 4; lastKnownFileType = sourcecode.c.objc; path = NRVATokenManager.m; sourceTree = "<group>"; };
		9CAUTO7F598A7E48424656BD8A /* NRVADeviceInformation.h */ = {isa = PBXFileReference; fileEncoding = 4; lastKnownFileType = sourcecode.c.h; path = NRVADeviceInformation.h; sourceTree = "<group>"; };
		9CAUTO87B39528EA5A412EBA75 /* NRVADeviceInformation.m */ = {isa = PBXFileReference; fileEncoding = 4; lastKnownFileType = sourcecode.c.objc; path = NRVADeviceInformation.m; sourceTree = "<group>"; };
		9CAUTO6494AFBCB6694ABFA730 /* NRVAErrorExceptionHandler.h */ = {isa = PBXFileReference; fileEncoding = 4; lastKnownFileType = sourcecode.c.h; path = NRVAErrorExceptionHandler.h; sourceTree = "<group>"; };
		9CAUTO8D630C58962B4E43AEA7 /* NRVAErrorExceptionHandler.m */ = {isa = PBXFileReference; fileEncoding = 4; lastKnownFileType = sourcecode.c.objc; path = NRVAErrorExceptionHandler.m; sourceTree = "<group>"; };
		9CAUTOEB80D317F616410981C2 /* NRVADeadLetterEventBuffer.h */ = {isa = PBXFileReference; fileEncoding = 4; lastKnownFileType = sourcecode.c.h; path = NRVADeadLetterEventBuffer.h; sourceTree = "<group>"; };
		9CAUTO2851392D60A144438286 /* NRVADeadLetterEventBuffer.m */ = {isa = PBXFileReference; fileEncoding = 4; lastKnownFileType = sourcecode.c.objc; path = NRVADeadLetterEventBuffer.m; sourceTree = "<group>"; };
		9CAUTO0A63D03D7B5F4DFE9F22 /* NRVADefaultSizeEstimator.h */ = {isa = PBXFileReference; fileEncoding = 4; lastKnownFileType = sourcecode.c.h; path = NRVADefaultSizeEstimator.h; sourceTree = "<group>"; };
		9CAUTO8FFB0DE496B34DFEBA03 /* NRVADefaultSizeEstimator.m */ = {isa = PBXFileReference; fileEncoding = 4; lastKnownFileType = sourcecode.c.objc; path = NRVADefaultSizeEstimator.m; sourceTree = "<group>"; };
		9CAUTOAFE8BE46C0674086A519 /* NRVAEventBufferInterface.h */ = {isa = PBXFileReference; fileEncoding = 4; lastKnownFileType = sourcecode.c.h; path = NRVAEventBufferInterface.h; sourceTree = "<group>"; };
		9CAUTO80C37BDDCEA146AEA9E1 /* NRVAHarvestComponentFactory.h */ = {isa = PBXFileReference; fileEncoding = 4; lastKnownFileType = sourcecode.c.h; path = NRVAHarvestComponentFactory.h; sourceTree = "<group>"; };
		9CAUTO2012CF9D629447F6BB2D /* NRVAHarvestManager.h */ = {isa = PBXFileReference; fileEncoding = 4; lastKnownFileType = sourcecode.c.h; path = NRVAHarvestManager.h; sourceTree = "<group>"; };
		9CAUTODB0CC6EE005E4EEF96EB /* NRVAHarvestManager.m */ = {isa = PBXFileReference; fileEncoding = 4; lastKnownFileType = sourcecode.c.objc; path = NRVAHarvestManager.m; sourceTree = "<group>"; };
		9CAUTOD57954B194154DC19558 /* NRVAHttpClientInterface.h */ = {isa = PBXFileReference; fileEncoding = 4; lastKnownFileType = sourcecode.c.h; path = NRVAHttpClientInterface.h; sourceTree = "<group>"; };
		9CAUTO2684A6E002BC461B91BA /* NRVAMultiTaskHarvestScheduler.h */ = {isa = PBXFileReference; fileEncoding = 4; lastKnownFileType = sourcecode.c.h; path = NRVAMultiTaskHarvestScheduler.h; sourceTree = "<group>"; };
		9CAUTOD894600173434D11957B /* NRVAMultiTaskHarvestScheduler.m */ = {isa = PBXFileReference; fileEncoding = 4; lastKnownFileType = sourcecode.c.objc; path = NRVAMultiTaskHarvestScheduler.m; sourceTree = "<group>"; };
		9CAUTO0CD9F3C56E32479DB5A7 /* NRVAOptimizedHttpClient.h */ = {isa = PBXFileReference; fileEncoding = 4; lastKnownFileType = sourcecode.c.h; path = NRVAOptimizedHttpClient.h; sourceTree = "<group>"; };
		9CAUTOA667807066E44FB09962 /* NRVAOptimizedHttpClient.m */ = {isa = PBXFileReference; fileEncoding = 4; lastKnownFileType = sourcecode.c.objc; path = NRVAOptimizedHttpClient.m; sourceTree = "<group>"; };
		9CAUTO08B8071893004616A008 /* NRVAPriorityEventBuffer.h */ = {isa = PBXFileReference; fileEncoding = 4; lastKnownFileType = sourcecode.c.h; path = NRVAPriorityEventBuffer.h; sourceTree = "<group>"; };
		9CAUTO1C79A32239E74F82803C /* NRVAPriorityEventBuffer.m */ = {isa = PBXFileReference; fileEncoding = 4; lastKnownFileType = sourcecode.c.objc; path = NRVAPriorityEventBuffer.m; sourceTree = "<group>"; };
		9CAUTO993BF5A856DF403686E1 /* NRVASchedulerInterface.h */ = {isa = PBXFileReference; fileEncoding = 4; lastKnownFileType = sourcecode.c.h; path = NRVASchedulerInterface.h; sourceTree = "<group>"; };
		9CAUTO0F169CC3CADE46059117 /* NRVASizeEstimator.h */ = {isa = PBXFileReference; fileEncoding = 4; lastKnownFileType = sourcecode.c.h; path = NRVASizeEstimator.h; sourceTree = "<group>"; };
		9CAUTO8196F66DA79947CC8197 /* NRVAVideoLifecycleObserver.h */ = {isa = PBXFileReference; fileEncoding = 4; lastKnownFileType = sourcecode.c.h; path = NRVAVideoLifecycleObserver.h; sourceTree = "<group>"; };
		9CAUTO4BA1B16F84D34161A25E /* NRVAVideoLifecycleObserver.m */ = {isa = PBXFileReference; fileEncoding = 4; lastKnownFileType = sourcecode.c.objc; path = NRVAVideoLifecycleObserver.m; sourceTree = "<group>"; };
		9CAUTO82E7D83ACD7A413CA002 /* NRVACrashSafeEventBuffer.h */ = {isa = PBXFileReference; fileEncoding = 4; lastKnownFileType = sourcecode.c.h; path = NRVACrashSafeEventBuffer.h; sourceTree = "<group>"; };
		9CAUTO45CB648C10544CBD9105 /* NRVACrashSafeEventBuffer.m */ = {isa = PBXFileReference; fileEncoding = 4; lastKnownFileType = sourcecode.c.objc; path = NRVACrashSafeEventBuffer.m; sourceTree = "<group>"; };
		9CAUTOE020CA10AE744ADCAFA8 /* NRVACrashSafeHarvestFactory.h */ = {isa = PBXFileReference; fileEncoding = 4; lastKnownFileType = sourcecode.c.h; path = NRVACrashSafeHarvestFactory.h; sourceTree = "<group>"; };
		9CAUTO3B83B9EC55E9477B906C /* NRVACrashSafeHarvestFactory.m */ = {isa = PBXFileReference; fileEncoding = 4; lastKnownFileType = sourcecode.c.objc; path = NRVACrashSafeHarvestFactory.m; sourceTree = "<group>"; };
		9CAUTO4AAE511A7E05466B9956 /* NRVAIntegratedDeadLetterHandler.h */ = {isa = PBXFileReference; fileEncoding = 4; lastKnownFileType = sourcecode.c.h; path = NRVAIntegratedDeadLetterHandler.h; sourceTree = "<group>"; };
		9CAUTO9719BA5E72FC433583FB /* NRVAIntegratedDeadLetterHandler.m */ = {isa = PBXFileReference; fileEncoding = 4; lastKnownFileType = sourcecode.c.objc; path = NRVAIntegratedDeadLetterHandler.m; sourceTree = "<group>"; };
		9CAUTO07BB415B385044A1A273 /* NRVAOfflineStorage.h */ = {isa = PBXFileReference; fileEncoding = 4; lastKnownFileType = sourcecode.c.h; path = NRVAOfflineStorage.h; sourceTree = "<group>"; };
		9CAUTO8C050B89E4D14DA299FF /* NRVAOfflineStorage.m */ = {isa = PBXFileReference; fileEncoding = 4; lastKnownFileType = sourcecode.c.objc; path = NRVAOfflineStorage.m; sourceTree = "<group>"; };
		9CAUTO8A7AAFB3EDA34BF991EC /* NRVALog.h */ = {isa = PBXFileReference; fileEncoding = 4; lastKnownFileType = sourcecode.c.h; path = NRVALog.h; sourceTree = "<group>"; };
		9CAUTO696DB7F7FB00490D8843 /* NRVALog.m */ = {isa = PBXFileReference; fileEncoding = 4; lastKnownFileType = sourcecode.c.objc; path = NRVALog.m; sourceTree = "<group>"; };
		9CAUTOC6AC506039984440B52D /* NRVAUtils.h */ = {isa = PBXFileReference; fileEncoding = 4; lastKnownFileType = sourcecode.c.h; path = NRVAUtils.h; sourceTree = "<group>"; };
		9CAUTO492BFEAB19AB45BEA106 /* NRVAUtils.m */ = {isa = PBXFileReference; fileEncoding = 4; lastKnownFileType = sourcecode.c.objc; path = NRVAUtils.m; sourceTree = "<group>"; };
		9CBCBDB42BCD5E7700B205EE /* PrivacyInfo.xcprivacy */ = {isa = PBXFileReference; lastKnownFileType = text.xml; path = PrivacyInfo.xcprivacy; sourceTree = "<group>"; };
		9CE7991A25837C9400157199 /* NewRelicVideoCore.framework */ = {isa = PBXFileReference; explicitFileType = wrapper.framework; includeInIndex = 0; path = NewRelicVideoCore.framework; sourceTree = BUILT_PRODUCTS_DIR; };
		9CE7991D25837C9400157199 /* NewRelicVideoCore.h */ = {isa = PBXFileReference; lastKnownFileType = sourcecode.c.h; path = NewRelicVideoCore.h; sourceTree = "<group>"; };
		9CE7991E25837C9400157199 /* Info.plist */ = {isa = PBXFileReference; lastKnownFileType = text.plist.xml; path = Info.plist; sourceTree = "<group>"; };
		9CE7992325837C9400157199 /* NewRelicVideoCore-iOS.xctest */ = {isa = PBXFileReference; explicitFileType = wrapper.cfbundle; includeInIndex = 0; path = "NewRelicVideoCore-iOS.xctest"; sourceTree = BUILT_PRODUCTS_DIR; };
		9CE7992825837C9400157199 /* NewRelicVideoCoreTests.m */ = {isa = PBXFileReference; lastKnownFileType = sourcecode.c.objc; path = NewRelicVideoCoreTests.m; sourceTree = "<group>"; };
		9CE7992A25837C9400157199 /* Info.plist */ = {isa = PBXFileReference; lastKnownFileType = text.plist.xml; path = Info.plist; sourceTree = "<group>"; };
		9CE7993B25837D0A00157199 /* NewRelicVideoCore.framework */ = {isa = PBXFileReference; explicitFileType = wrapper.framework; includeInIndex = 0; path = NewRelicVideoCore.framework; sourceTree = BUILT_PRODUCTS_DIR; };
		9CE7994325837D0B00157199 /* NewRelicVideoCore-tvOS.xctest */ = {isa = PBXFileReference; explicitFileType = wrapper.cfbundle; includeInIndex = 0; path = "NewRelicVideoCore-tvOS.xctest"; sourceTree = BUILT_PRODUCTS_DIR; };
/* End PBXFileReference section */

/* Begin PBXFrameworksBuildPhase section */
		9CE7991725837C9400157199 /* Frameworks */ = {
			isa = PBXFrameworksBuildPhase;
			buildActionMask = 2147483647;
			files = (
				9C4F8952258D077F0070CC2D /* SystemConfiguration.framework in Frameworks */,
				9C4F8954258D07860070CC2D /* CoreTelephony.framework in Frameworks */,
			);
			runOnlyForDeploymentPostprocessing = 0;
		};
		9CE7992025837C9400157199 /* Frameworks */ = {
			isa = PBXFrameworksBuildPhase;
			buildActionMask = 2147483647;
			files = (
				9CE7992425837C9400157199 /* NewRelicVideoCore.framework in Frameworks */,
			);
			runOnlyForDeploymentPostprocessing = 0;
		};
		9CE7993825837D0A00157199 /* Frameworks */ = {
			isa = PBXFrameworksBuildPhase;
			buildActionMask = 2147483647;
			files = (
			);
			runOnlyForDeploymentPostprocessing = 0;
		};
		9CE7994025837D0B00157199 /* Frameworks */ = {
			isa = PBXFrameworksBuildPhase;
			buildActionMask = 2147483647;
			files = (
				9CE7994425837D0B00157199 /* NewRelicVideoCore.framework in Frameworks */,
			);
			runOnlyForDeploymentPostprocessing = 0;
		};
/* End PBXFrameworksBuildPhase section */

/* Begin PBXGroup section */
		9C01D723258CD4740044FAB0 /* Tracker */ = {
			isa = PBXGroup;
			children = (
				9C01D724258CD4740044FAB0 /* NRTracker.h */,
				9C01D725258CD4740044FAB0 /* NRVideoTracker.m */,
				9C01D726258CD4740044FAB0 /* NRTracker.m */,
				9C01D727258CD4740044FAB0 /* NRVideoTracker.h */,
			);
			path = Tracker;
			sourceTree = "<group>";
		};
		9CGRPAUTHB34C8F9BA7 /* Auth */ = {
			isa = PBXGroup;
			children = (
				9CAUTOA0823B66BDC7454495BF /* NRVATokenManager.h */,
				9CAUTO393BB16A6D494655B394 /* NRVATokenManager.m */,
			);
			path = Auth;
			sourceTree = "<group>";
		};
		9CGRPDEVICE2449859931 /* Device */ = {
			isa = PBXGroup;
			children = (
				9CAUTO7F598A7E48424656BD8A /* NRVADeviceInformation.h */,
				9CAUTO87B39528EA5A412EBA75 /* NRVADeviceInformation.m */,
			);
			path = Device;
			sourceTree = "<group>";
		};
		9CGRPEXCEPTION784A798A52 /* Exception */ = {
			isa = PBXGroup;
			children = (
				9CAUTO6494AFBCB6694ABFA730 /* NRVAErrorExceptionHandler.h */,
				9CAUTO8D630C58962B4E43AEA7 /* NRVAErrorExceptionHandler.m */,
			);
			path = Exception;
			sourceTree = "<group>";
		};
		9CGRPHARVEST2D483DAB1F /* Harvest */ = {
			isa = PBXGroup;
			children = (
				9CAUTOEB80D317F616410981C2 /* NRVADeadLetterEventBuffer.h */,
				9CAUTO2851392D60A144438286 /* NRVADeadLetterEventBuffer.m */,
				9CAUTO0A63D03D7B5F4DFE9F22 /* NRVADefaultSizeEstimator.h */,
				9CAUTO8FFB0DE496B34DFEBA03 /* NRVADefaultSizeEstimator.m */,
				9CAUTOAFE8BE46C0674086A519 /* NRVAEventBufferInterface.h */,
				9CAUTO80C37BDDCEA146AEA9E1 /* NRVAHarvestComponentFactory.h */,
				9CAUTO2012CF9D629447F6BB2D /* NRVAHarvestManager.h */,
				9CAUTODB0CC6EE005E4EEF96EB /* NRVAHarvestManager.m */,
				9CAUTOD57954B194154DC19558 /* NRVAHttpClientInterface.h */,
				9CAUTO2684A6E002BC461B91BA /* NRVAMultiTaskHarvestScheduler.h */,
				9CAUTOD894600173434D11957B /* NRVAMultiTaskHarvestScheduler.m */,
				9CAUTO0CD9F3C56E32479DB5A7 /* NRVAOptimizedHttpClient.h */,
				9CAUTOA667807066E44FB09962 /* NRVAOptimizedHttpClient.m */,
				9CAUTO08B8071893004616A008 /* NRVAPriorityEventBuffer.h */,
				9CAUTO1C79A32239E74F82803C /* NRVAPriorityEventBuffer.m */,
				9CAUTO993BF5A856DF403686E1 /* NRVASchedulerInterface.h */,
				9CAUTO0F169CC3CADE46059117 /* NRVASizeEstimator.h */,
			);
			path = Harvest;
			sourceTree = "<group>";
		};
		9CGRPLIFECYCLE1547798B68 /* Lifecycle */ = {
			isa = PBXGroup;
			children = (
				9CAUTO8196F66DA79947CC8197 /* NRVAVideoLifecycleObserver.h */,
				9CAUTO4BA1B16F84D34161A25E /* NRVAVideoLifecycleObserver.m */,
			);
			path = Lifecycle;
			sourceTree = "<group>";
		};
		9CGRPSTORAGEBA46228F6B /* Storage */ = {
			isa = PBXGroup;
			children = (
				9CAUTO82E7D83ACD7A413CA002 /* NRVACrashSafeEventBuffer.h */,
				9CAUTO45CB648C10544CBD9105 /* NRVACrashSafeEventBuffer.m */,
				9CAUTOE020CA10AE744ADCAFA8 /* NRVACrashSafeHarvestFactory.h */,
				9CAUTO3B83B9EC55E9477B906C /* NRVACrashSafeHarvestFactory.m */,
				9CAUTO4AAE511A7E05466B9956 /* NRVAIntegratedDeadLetterHandler.h */,
				9CAUTO9719BA5E72FC433583FB /* NRVAIntegratedDeadLetterHandler.m */,
				9CAUTO07BB415B385044A1A273 /* NRVAOfflineStorage.h */,
				9CAUTO8C050B89E4D14DA299FF /* NRVAOfflineStorage.m */,
			);
			path = Storage;
			sourceTree = "<group>";
		};
		9CGRPUTILSFA4251817B /* Utils */ = {
			isa = PBXGroup;
			children = (
				9CAUTO8A7AAFB3EDA34BF991EC /* NRVALog.h */,
				9CAUTO696DB7F7FB00490D8843 /* NRVALog.m */,
				9CAUTOC6AC506039984440B52D /* NRVAUtils.h */,
				9CAUTO492BFEAB19AB45BEA106 /* NRVAUtils.m */,
			);
			path = Utils;
			sourceTree = "<group>";
		};
		9C01D728258CD4740044FAB0 /* Util */ = {
			isa = PBXGroup;
			children = (
				9C01D729258CD4740044FAB0 /* NRVideoLog.h */,
				9C01D72A258CD4740044FAB0 /* NRVideoLog.m */,
			);
			path = Util;
			sourceTree = "<group>";
		};
		9C01D72C258CD4750044FAB0 /* Model */ = {
			isa = PBXGroup;
			children = (
				9C01D72D258CD4750044FAB0 /* NRTrackerPair.h */,
				9C01D72E258CD4750044FAB0 /* NREventAttributes.h */,
				9C01D72F258CD4750044FAB0 /* NRTimeSinceTable.m */,
				9C01D730258CD4750044FAB0 /* NRTimeSince.m */,
				9C01D731258CD4750044FAB0 /* NRTrackerState.h */,
				9C01D732258CD4750044FAB0 /* NRTrackerPair.m */,
				9C01D733258CD4750044FAB0 /* NREventAttributes.m */,
				9C01D734258CD4750044FAB0 /* NRTrackerState.m */,
				9C01D735258CD4750044FAB0 /* NRTimeSince.h */,
				9C01D736258CD4750044FAB0 /* NRTimeSinceTable.h */,
				9CCH0003258CD4750044FAB0 /* NRChrono.h */,
				9CCH0005258CD4750044FAB0 /* NRChrono.m */,
			);
			path = Model;
			sourceTree = "<group>";
		};
		9C4F8950258D077F0070CC2D /* Frameworks */ = {
			isa = PBXGroup;
			children = (
				9C4F8956258D07A60070CC2D /* libc++.tbd */,
				9C4F8955258D07940070CC2D /* libz.tbd */,
				9C4F8953258D07860070CC2D /* CoreTelephony.framework */,
				9C4F8951258D077F0070CC2D /* SystemConfiguration.framework */,
			);
			name = Frameworks;
			sourceTree = "<group>";
		};
		9CE7991025837C9400157199 = {
			isa = PBXGroup;
			children = (
				9CBCBDB42BCD5E7700B205EE /* PrivacyInfo.xcprivacy */,
				9CE7991C25837C9400157199 /* NewRelicVideoCore */,
				9CE7992725837C9400157199 /* NewRelicVideoCoreTests */,
				9CE7991B25837C9400157199 /* Products */,
				9C4F8950258D077F0070CC2D /* Frameworks */,
			);
			sourceTree = "<group>";
		};
		9CE7991B25837C9400157199 /* Products */ = {
			isa = PBXGroup;
			children = (
				9CE7991A25837C9400157199 /* NewRelicVideoCore.framework */,
				9CE7992325837C9400157199 /* NewRelicVideoCore-iOS.xctest */,
				9CE7993B25837D0A00157199 /* NewRelicVideoCore.framework */,
				9CE7994325837D0B00157199 /* NewRelicVideoCore-tvOS.xctest */,
			);
			name = Products;
			sourceTree = "<group>";
		};
		9CE7991C25837C9400157199 /* NewRelicVideoCore */ = {
			isa = PBXGroup;
			children = (
				9C01D72C258CD4750044FAB0 /* Model */,
				9C01D737258CD4750044FAB0 /* NewRelicVideoAgent.h */,
				9C01D72B258CD4740044FAB0 /* NewRelicVideoAgent.m */,
				9C01D738258CD4750044FAB0 /* NRVideoDefs.h */,
				9C01D723258CD4740044FAB0 /* Tracker */,
				9C01D728258CD4740044FAB0 /* Util */,
				9CGRPAUTHB34C8F9BA7 /* Auth */,
				9CGRPDEVICE2449859931 /* Device */,
				9CGRPEXCEPTION784A798A52 /* Exception */,
				9CGRPHARVEST2D483DAB1F /* Harvest */,
				9CGRPLIFECYCLE1547798B68 /* Lifecycle */,
				9CGRPSTORAGEBA46228F6B /* Storage */,
				9CGRPUTILSFA4251817B /* Utils */,
				9CE7991D25837C9400157199 /* NewRelicVideoCore.h */,
				9CE7991E25837C9400157199 /* Info.plist */,
				9CNEW82553CBB1CF24833872D /* NRVAVideo.h */,
				9CNEWD69ECFB4F99C4850A773 /* NRVAVideo.m */,
				9CNEW585E2C2BCA524422AABE /* NRVAVideoConfiguration.h */,
				9CNEW6F7A756201134FD4AE0B /* NRVAVideoConfiguration.m */,
				9CNEW2DBF4ECA16594F079F83 /* NRVAVideoPlayerConfiguration.h */,
				9CNEWFA75BA3A2E954FBE9116 /* NRVAVideoPlayerConfiguration.m */,
			);
			path = NewRelicVideoCore;
			sourceTree = "<group>";
		};
		9CE7992725837C9400157199 /* NewRelicVideoCoreTests */ = {
			isa = PBXGroup;
			children = (
				9CE7992825837C9400157199 /* NewRelicVideoCoreTests.m */,
				9CE7992A25837C9400157199 /* Info.plist */,
			);
			path = NewRelicVideoCoreTests;
			sourceTree = "<group>";
		};
/* End PBXGroup section */

/* Begin PBXHeadersBuildPhase section */
		9CE7991525837C9400157199 /* Headers */ = {
			isa = PBXHeadersBuildPhase;
			buildActionMask = 2147483647;
			files = (
				9C01D747258CD4760044FAB0 /* NRTrackerPair.h in Headers */,
				9C01D73F258CD4760044FAB0 /* NRVideoTracker.h in Headers */,
				9C01D74F258CD4770044FAB0 /* NRTrackerState.h in Headers */,
				9C01D749258CD4770044FAB0 /* NREventAttributes.h in Headers */,
				9C01D759258CD4780044FAB0 /* NRTimeSinceTable.h in Headers */,
				9C01D757258CD4780044FAB0 /* NRTimeSince.h in Headers */,
				9CE7992B25837C9400157199 /* NewRelicVideoCore.h in Headers */,
				9C01D739258CD4750044FAB0 /* NRTracker.h in Headers */,
				9C01D75D258CD4780044FAB0 /* NRVideoDefs.h in Headers */,
				9C01D741258CD4760044FAB0 /* NRVideoLog.h in Headers */,
				9C01D75B258CD4780044FAB0 /* NewRelicVideoAgent.h in Headers */,
				9CCH0001258CD4750044FAB0 /* NRChrono.h in Headers */,
				9CNEW71CE35C656124EB2B8CA /* NRVAVideo.h in Headers */,
				9CNEW12E01B93C3F0469BA1C2 /* NRVAVideoConfiguration.h in Headers */,
				9CNEW5DA15487F5374398B9C0 /* NRVAVideoPlayerConfiguration.h in Headers */,
				9CAUTO488422E6C1ED424E935E /* NRVATokenManager.h in Headers */,
				9CAUTO9545923D2DBA4455844D /* NRVADeviceInformation.h in Headers */,
				9CAUTO65776617E5044569938E /* NRVAErrorExceptionHandler.h in Headers */,
				9CAUTO7A7969714108486E8ACC /* NRVADeadLetterEventBuffer.h in Headers */,
				9CAUTODE811BA6469844B09B98 /* NRVADefaultSizeEstimator.h in Headers */,
				9CAUTO104A037177F24D39A55E /* NRVAEventBufferInterface.h in Headers */,
				9CAUTO8AB9B76A72E94CB39198 /* NRVAHarvestComponentFactory.h in Headers */,
				9CAUTO9979DEC0F7ED4BBF84C8 /* NRVAHarvestManager.h in Headers */,
				9CAUTO0A2209229D344B69A6D8 /* NRVAHttpClientInterface.h in Headers */,
				9CAUTOFF15BB458E2A435F9559 /* NRVAMultiTaskHarvestScheduler.h in Headers */,
				9CAUTO767EE83511EB4B608626 /* NRVAOptimizedHttpClient.h in Headers */,
				9CAUTO39AE398CB33F44CC8D03 /* NRVAPriorityEventBuffer.h in Headers */,
				9CAUTO20F5C4B78E6D4CE7A2A5 /* NRVASchedulerInterface.h in Headers */,
				9CAUTO2A78D4D780EB4321A278 /* NRVASizeEstimator.h in Headers */,
				9CAUTOA31590E3FB094381BBB3 /* NRVAVideoLifecycleObserver.h in Headers */,
				9CAUTO38EDCC33EF6947F4B917 /* NRVACrashSafeEventBuffer.h in Headers */,
				9CAUTO9454452CD631419E8B75 /* NRVACrashSafeHarvestFactory.h in Headers */,
				9CAUTO0B43EE9421CD4D6DA028 /* NRVAIntegratedDeadLetterHandler.h in Headers */,
				9CAUTO4ABD4C4A6CC54E549CE5 /* NRVAOfflineStorage.h in Headers */,
				9CAUTO548538F5FF19413A9531 /* NRVALog.h in Headers */,
				9CAUTO5DE4B83357F04B64B3D3 /* NRVAUtils.h in Headers */,
			);
			runOnlyForDeploymentPostprocessing = 0;
		};
		9CE7993625837D0A00157199 /* Headers */ = {
			isa = PBXHeadersBuildPhase;
			buildActionMask = 2147483647;
			files = (
				9C01D748258CD4760044FAB0 /* NRTrackerPair.h in Headers */,
				9C01D740258CD4760044FAB0 /* NRVideoTracker.h in Headers */,
				9C01D750258CD4770044FAB0 /* NRTrackerState.h in Headers */,
				9C01D74A258CD4770044FAB0 /* NREventAttributes.h in Headers */,
				9C01D75A258CD4780044FAB0 /* NRTimeSinceTable.h in Headers */,
				9C01D758258CD4780044FAB0 /* NRTimeSince.h in Headers */,
				9C01D71E258CD4100044FAB0 /* NewRelicVideoCore.h in Headers */,
				9C01D73A258CD4750044FAB0 /* NRTracker.h in Headers */,
				9C01D75E258CD4780044FAB0 /* NRVideoDefs.h in Headers */,
				9C01D742258CD4760044FAB0 /* NRVideoLog.h in Headers */,
				9C01D75C258CD4780044FAB0 /* NewRelicVideoAgent.h in Headers */,
				9CCH0002258CD4750044FAB0 /* NRChrono.h in Headers */,
				9CNEW675C6E5EA3634CCC8FC6 /* NRVAVideo.h in Headers */,
				9CNEW727ADBB0BAB745EA9FA7 /* NRVAVideoConfiguration.h in Headers */,
				9CNEW676BA960CA6441BE893A /* NRVAVideoPlayerConfiguration.h in Headers */,
				9CAUTO761A787F2EF549C18276 /* NRVATokenManager.h in Headers */,
				9CAUTO61915BEAA21949C3AB3C /* NRVADeviceInformation.h in Headers */,
				9CAUTOE8D981FA37A746A19244 /* NRVAErrorExceptionHandler.h in Headers */,
				9CAUTO19321CFE837344B48697 /* NRVADeadLetterEventBuffer.h in Headers */,
				9CAUTOC934278640464CEB829F /* NRVADefaultSizeEstimator.h in Headers */,
				9CAUTO8E8A0BBB92D84A95B39E /* NRVAEventBufferInterface.h in Headers */,
				9CAUTOCC26632D4A1A4BC6BACA /* NRVAHarvestComponentFactory.h in Headers */,
				9CAUTOCD08D97333254BDC91D5 /* NRVAHarvestManager.h in Headers */,
				9CAUTO5333C1098004457B8CFA /* NRVAHttpClientInterface.h in Headers */,
				9CAUTO25434215B3AF4394A53B /* NRVAMultiTaskHarvestScheduler.h in Headers */,
				9CAUTO367D337E93B5486B976B /* NRVAOptimizedHttpClient.h in Headers */,
				9CAUTODE0A0525C31341C19313 /* NRVAPriorityEventBuffer.h in Headers */,
				9CAUTO938CB7898E2D409B8D5C /* NRVASchedulerInterface.h in Headers */,
				9CAUTO5A4D108D3B34428BAD46 /* NRVASizeEstimator.h in Headers */,
				9CAUTOBD36FB7A018440B4B9EE /* NRVAVideoLifecycleObserver.h in Headers */,
				9CAUTOA6D2EA005CEA422DBA87 /* NRVACrashSafeEventBuffer.h in Headers */,
				9CAUTOAF3B3A6B11614B3F8AD4 /* NRVACrashSafeHarvestFactory.h in Headers */,
				9CAUTO2512011AD1CE4A4AA542 /* NRVAIntegratedDeadLetterHandler.h in Headers */,
				9CAUTODFD95E6696A84B738FE9 /* NRVAOfflineStorage.h in Headers */,
				9CAUTO68EAB110F25840B4AEE9 /* NRVALog.h in Headers */,
				9CAUTO84350987865E41688594 /* NRVAUtils.h in Headers */,
			);
			runOnlyForDeploymentPostprocessing = 0;
		};
/* End PBXHeadersBuildPhase section */

/* Begin PBXNativeTarget section */
		9CE7991925837C9400157199 /* iOS NewRelicVideoCore */ = {
			isa = PBXNativeTarget;
			buildConfigurationList = 9CE7992E25837C9400157199 /* Build configuration list for PBXNativeTarget "iOS NewRelicVideoCore" */;
			buildPhases = (
				9CE7991525837C9400157199 /* Headers */,
				9CE7991625837C9400157199 /* Sources */,
				9CE7991725837C9400157199 /* Frameworks */,
				9CE7991825837C9400157199 /* Resources */,
				9C7BCAB72A3345C400F30D39 /* Embed Frameworks */,
			);
			buildRules = (
			);
			dependencies = (
			);
			name = "iOS NewRelicVideoCore";
			productName = NewRelicVideoCore;
			productReference = 9CE7991A25837C9400157199 /* NewRelicVideoCore.framework */;
			productType = "com.apple.product-type.framework";
		};
		9CE7992225837C9400157199 /* iOS NewRelicVideoCoreTests */ = {
			isa = PBXNativeTarget;
			buildConfigurationList = 9CE7993125837C9400157199 /* Build configuration list for PBXNativeTarget "iOS NewRelicVideoCoreTests" */;
			buildPhases = (
				9CE7991F25837C9400157199 /* Sources */,
				9CE7992025837C9400157199 /* Frameworks */,
				9CE7992125837C9400157199 /* Resources */,
			);
			buildRules = (
			);
			dependencies = (
				9CE7992625837C9400157199 /* PBXTargetDependency */,
			);
			name = "iOS NewRelicVideoCoreTests";
			productName = NewRelicVideoCoreTests;
			productReference = 9CE7992325837C9400157199 /* NewRelicVideoCore-iOS.xctest */;
			productType = "com.apple.product-type.bundle.unit-test";
		};
		9CE7993A25837D0A00157199 /* tvOS NewRelicVideoCore */ = {
			isa = PBXNativeTarget;
			buildConfigurationList = 9CE7994C25837D0B00157199 /* Build configuration list for PBXNativeTarget "tvOS NewRelicVideoCore" */;
			buildPhases = (
				9CE7993625837D0A00157199 /* Headers */,
				9CE7993725837D0A00157199 /* Sources */,
				9CE7993825837D0A00157199 /* Frameworks */,
				9CE7993925837D0A00157199 /* Resources */,
			);
			buildRules = (
			);
			dependencies = (
			);
			name = "tvOS NewRelicVideoCore";
			productName = "tvOS NewRelicVideoCore";
			productReference = 9CE7993B25837D0A00157199 /* NewRelicVideoCore.framework */;
			productType = "com.apple.product-type.framework";
		};
		9CE7994225837D0B00157199 /* tvOS NewRelicVideoCoreTests */ = {
			isa = PBXNativeTarget;
			buildConfigurationList = 9CE7994F25837D0B00157199 /* Build configuration list for PBXNativeTarget "tvOS NewRelicVideoCoreTests" */;
			buildPhases = (
				9CE7993F25837D0B00157199 /* Sources */,
				9CE7994025837D0B00157199 /* Frameworks */,
				9CE7994125837D0B00157199 /* Resources */,
			);
			buildRules = (
			);
			dependencies = (
				9CE7994625837D0B00157199 /* PBXTargetDependency */,
			);
			name = "tvOS NewRelicVideoCoreTests";
			productName = "tvOS NewRelicVideoCoreTests";
			productReference = 9CE7994325837D0B00157199 /* NewRelicVideoCore-tvOS.xctest */;
			productType = "com.apple.product-type.bundle.unit-test";
		};
/* End PBXNativeTarget section */

/* Begin PBXProject section */
		9CE7991125837C9400157199 /* Project object */ = {
			isa = PBXProject;
			attributes = {
				LastUpgradeCheck = 1210;
				TargetAttributes = {
					9CE7991925837C9400157199 = {
						CreatedOnToolsVersion = 12.1;
					};
					9CE7992225837C9400157199 = {
						CreatedOnToolsVersion = 12.1;
					};
					9CE7993A25837D0A00157199 = {
						CreatedOnToolsVersion = 12.1;
					};
					9CE7994225837D0B00157199 = {
						CreatedOnToolsVersion = 12.1;
					};
				};
			};
			buildConfigurationList = 9CE7991425837C9400157199 /* Build configuration list for PBXProject "NewRelicVideoCore" */;
			compatibilityVersion = "Xcode 9.3";
			developmentRegion = en;
			hasScannedForEncodings = 0;
			knownRegions = (
				en,
				Base,
			);
			mainGroup = 9CE7991025837C9400157199;
			productRefGroup = 9CE7991B25837C9400157199 /* Products */;
			projectDirPath = "";
			projectRoot = "";
			targets = (
				9CE7991925837C9400157199 /* iOS NewRelicVideoCore */,
				9CE7992225837C9400157199 /* iOS NewRelicVideoCoreTests */,
				9CE7993A25837D0A00157199 /* tvOS NewRelicVideoCore */,
				9CE7994225837D0B00157199 /* tvOS NewRelicVideoCoreTests */,
			);
		};
/* End PBXProject section */

/* Begin PBXResourcesBuildPhase section */
		9CE7991825837C9400157199 /* Resources */ = {
			isa = PBXResourcesBuildPhase;
			buildActionMask = 2147483647;
			files = (
				9CBCBDB52BCD5E7700B205EE /* PrivacyInfo.xcprivacy in Resources */,
			);
			runOnlyForDeploymentPostprocessing = 0;
		};
		9CE7992125837C9400157199 /* Resources */ = {
			isa = PBXResourcesBuildPhase;
			buildActionMask = 2147483647;
			files = (
			);
			runOnlyForDeploymentPostprocessing = 0;
		};
		9CE7993925837D0A00157199 /* Resources */ = {
			isa = PBXResourcesBuildPhase;
			buildActionMask = 2147483647;
			files = (
				9CBCBDB62BCD5E7700B205EE /* PrivacyInfo.xcprivacy in Resources */,
			);
			runOnlyForDeploymentPostprocessing = 0;
		};
		9CE7994125837D0B00157199 /* Resources */ = {
			isa = PBXResourcesBuildPhase;
			buildActionMask = 2147483647;
			files = (
			);
			runOnlyForDeploymentPostprocessing = 0;
		};
/* End PBXResourcesBuildPhase section */

/* Begin PBXSourcesBuildPhase section */
		9CE7991625837C9400157199 /* Sources */ = {
			isa = PBXSourcesBuildPhase;
			buildActionMask = 2147483647;
			files = (
				9C01D755258CD4770044FAB0 /* NRTrackerState.m in Sources */,
				9C01D74B258CD4770044FAB0 /* NRTimeSinceTable.m in Sources */,
				9C01D74D258CD4770044FAB0 /* NRTimeSince.m in Sources */,
				9C01D73D258CD4750044FAB0 /* NRTracker.m in Sources */,
				9C01D743258CD4760044FAB0 /* NRVideoLog.m in Sources */,
				9C01D745258CD4760044FAB0 /* NewRelicVideoAgent.m in Sources */,
				9C01D751258CD4770044FAB0 /* NRTrackerPair.m in Sources */,
				9C01D73B258CD4750044FAB0 /* NRVideoTracker.m in Sources */,
				9C01D753258CD4770044FAB0 /* NREventAttributes.m in Sources */,
				9CCH0004258CD4750044FAB0 /* NRChrono.m in Sources */,
				9CNEWE7DE82391DA345968344 /* NRVAVideo.m in Sources */,
				9CNEW8D97F29E74D14E979C78 /* NRVAVideoConfiguration.m in Sources */,
				9CNEW6165FB0E3C314395A50D /* NRVAVideoPlayerConfiguration.m in Sources */,
				9CAUTODD8295253288469EA1D6 /* NRVATokenManager.m in Sources */,
				9CAUTO5E814DBD0F3D490E8B22 /* NRVADeviceInformation.m in Sources */,
				9CAUTO48DC8EEB9B2F49E0B595 /* NRVAErrorExceptionHandler.m in Sources */,
				9CAUTOBD8C1B2E58FA407FA6DD /* NRVADeadLetterEventBuffer.m in Sources */,
				9CAUTOFB4962202C9F4E8D9D0F /* NRVADefaultSizeEstimator.m in Sources */,
				9CAUTOE7E52635C7134A9AB1E1 /* NRVAHarvestManager.m in Sources */,
				9CAUTOEA1123DDE95F44128A23 /* NRVAMultiTaskHarvestScheduler.m in Sources */,
				9CAUTO33EE5A93540449A69AF4 /* NRVAOptimizedHttpClient.m in Sources */,
				9CAUTOD7A4D3F4F18A4D23A521 /* NRVAPriorityEventBuffer.m in Sources */,
				9CAUTOF1104EFB48F048A2908E /* NRVAVideoLifecycleObserver.m in Sources */,
				9CAUTO418519C975EA40649C3F /* NRVACrashSafeEventBuffer.m in Sources */,
				9CAUTO21587EE7DD294A12BC26 /* NRVACrashSafeHarvestFactory.m in Sources */,
				9CAUTOF67AE8CFCA044718BEEA /* NRVAIntegratedDeadLetterHandler.m in Sources */,
				9CAUTO3C4A2A196F4B49DABB92 /* NRVAOfflineStorage.m in Sources */,
				9CAUTO6CC60C6D1DCB4215A86F /* NRVALog.m in Sources */,
				9CAUTO351BA49C82D24D51A969 /* NRVAUtils.m in Sources */,
			);
			runOnlyForDeploymentPostprocessing = 0;
		};
		9CE7991F25837C9400157199 /* Sources */ = {
			isa = PBXSourcesBuildPhase;
			buildActionMask = 2147483647;
			files = (
				9CE7992925837C9400157199 /* NewRelicVideoCoreTests.m in Sources */,
			);
			runOnlyForDeploymentPostprocessing = 0;
		};
		9CE7993725837D0A00157199 /* Sources */ = {
			isa = PBXSourcesBuildPhase;
			buildActionMask = 2147483647;
			files = (
				9C01D756258CD4770044FAB0 /* NRTrackerState.m in Sources */,
				9C01D74C258CD4770044FAB0 /* NRTimeSinceTable.m in Sources */,
				9C01D74E258CD4770044FAB0 /* NRTimeSince.m in Sources */,
				9C01D73E258CD4760044FAB0 /* NRTracker.m in Sources */,
				9C01D744258CD4760044FAB0 /* NRVideoLog.m in Sources */,
				9C01D746258CD4760044FAB0 /* NewRelicVideoAgent.m in Sources */,
				9C01D752258CD4770044FAB0 /* NRTrackerPair.m in Sources */,
				9C01D73C258CD4750044FAB0 /* NRVideoTracker.m in Sources */,
				9C01D754258CD4770044FAB0 /* NREventAttributes.m in Sources */,
				9CCH0006258CD4750044FAB0 /* NRChrono.m in Sources */,
				9CNEWA32CB040EC9043BC8378 /* NRVAVideo.m in Sources */,
				9CNEW6D58B157475C47B9B313 /* NRVAVideoConfiguration.m in Sources */,
				9CNEW6DA1F57BE71348A2BF7A /* NRVAVideoPlayerConfiguration.m in Sources */,
				9CAUTOE34D9BC26960450D8121 /* NRVATokenManager.m in Sources */,
				9CAUTO5B9CFA2E6CFA4963ADDF /* NRVADeviceInformation.m in Sources */,
				9CAUTO287CD7A1C9B44561AF4F /* NRVAErrorExceptionHandler.m in Sources */,
				9CAUTOC202DF5FD094460FAF57 /* NRVADeadLetterEventBuffer.m in Sources */,
				9CAUTO8F5800F0C7FD4AA3B3F0 /* NRVADefaultSizeEstimator.m in Sources */,
				9CAUTO7AC67B03D0654F8BBF10 /* NRVAHarvestManager.m in Sources */,
				9CAUTO8204D3B8C55B46DF8689 /* NRVAMultiTaskHarvestScheduler.m in Sources */,
				9CAUTOCB407E87BC7D4F6E9146 /* NRVAOptimizedHttpClient.m in Sources */,
				9CAUTO692BDD150A6F41359CD1 /* NRVAPriorityEventBuffer.m in Sources */,
				9CAUTO236F6787CB434B7EABEC /* NRVAVideoLifecycleObserver.m in Sources */,
				9CAUTO4A3CD4D48E6946B9AFB0 /* NRVACrashSafeEventBuffer.m in Sources */,
				9CAUTOB109CBEFED14473EBF6F /* NRVACrashSafeHarvestFactory.m in Sources */,
				9CAUTOBBD84AA7FFDD499F8BCC /* NRVAIntegratedDeadLetterHandler.m in Sources */,
				9CAUTO1FE342C617EF496D9766 /* NRVAOfflineStorage.m in Sources */,
				9CAUTO9A55C0F00EF94183AAFD /* NRVALog.m in Sources */,
				9CAUTOBCAD2BC8B6AA4A3BBE71 /* NRVAUtils.m in Sources */,
			);
			runOnlyForDeploymentPostprocessing = 0;
		};
		9CE7993F25837D0B00157199 /* Sources */ = {
			isa = PBXSourcesBuildPhase;
			buildActionMask = 2147483647;
			files = (
			);
			runOnlyForDeploymentPostprocessing = 0;
		};
/* End PBXSourcesBuildPhase section */

/* Begin PBXTargetDependency section */
		9CE7992625837C9400157199 /* PBXTargetDependency */ = {
			isa = PBXTargetDependency;
			target = 9CE7991925837C9400157199 /* iOS NewRelicVideoCore */;
			targetProxy = 9CE7992525837C9400157199 /* PBXContainerItemProxy */;
		};
		9CE7994625837D0B00157199 /* PBXTargetDependency */ = {
			isa = PBXTargetDependency;
			target = 9CE7993A25837D0A00157199 /* tvOS NewRelicVideoCore */;
			targetProxy = 9CE7994525837D0B00157199 /* PBXContainerItemProxy */;
		};
/* End PBXTargetDependency section */

/* Begin XCBuildConfiguration section */
		9CE7992C25837C9400157199 /* Debug */ = {
			isa = XCBuildConfiguration;
			buildSettings = {
				ALWAYS_SEARCH_USER_PATHS = NO;
				CLANG_ANALYZER_NONNULL = YES;
				CLANG_ANALYZER_NUMBER_OBJECT_CONVERSION = YES_AGGRESSIVE;
				CLANG_CXX_LANGUAGE_STANDARD = "gnu++14";
				CLANG_CXX_LIBRARY = "libc++";
				CLANG_ENABLE_MODULES = YES;
				CLANG_ENABLE_OBJC_ARC = YES;
				CLANG_ENABLE_OBJC_WEAK = YES;
				CLANG_WARN_BLOCK_CAPTURE_AUTORELEASING = YES;
				CLANG_WARN_BOOL_CONVERSION = YES;
				CLANG_WARN_COMMA = YES;
				CLANG_WARN_CONSTANT_CONVERSION = YES;
				CLANG_WARN_DEPRECATED_OBJC_IMPLEMENTATIONS = YES;
				CLANG_WARN_DIRECT_OBJC_ISA_USAGE = YES_ERROR;
				CLANG_WARN_DOCUMENTATION_COMMENTS = YES;
				CLANG_WARN_EMPTY_BODY = YES;
				CLANG_WARN_ENUM_CONVERSION = YES;
				CLANG_WARN_INFINITE_RECURSION = YES;
				CLANG_WARN_INT_CONVERSION = YES;
				CLANG_WARN_NON_LITERAL_NULL_CONVERSION = YES;
				CLANG_WARN_OBJC_IMPLICIT_RETAIN_SELF = YES;
				CLANG_WARN_OBJC_LITERAL_CONVERSION = YES;
				CLANG_WARN_OBJC_ROOT_CLASS = YES_ERROR;
				CLANG_WARN_QUOTED_INCLUDE_IN_FRAMEWORK_HEADER = YES;
				CLANG_WARN_RANGE_LOOP_ANALYSIS = YES;
				CLANG_WARN_STRICT_PROTOTYPES = YES;
				CLANG_WARN_SUSPICIOUS_MOVE = YES;
				CLANG_WARN_UNGUARDED_AVAILABILITY = YES_AGGRESSIVE;
				CLANG_WARN_UNREACHABLE_CODE = YES;
				CLANG_WARN__DUPLICATE_METHOD_MATCH = YES;
				COPY_PHASE_STRIP = NO;
				CURRENT_PROJECT_VERSION = 1;
				DEBUG_INFORMATION_FORMAT = dwarf;
				ENABLE_STRICT_OBJC_MSGSEND = YES;
				ENABLE_TESTABILITY = YES;
				GCC_C_LANGUAGE_STANDARD = gnu11;
				GCC_DYNAMIC_NO_PIC = NO;
				GCC_NO_COMMON_BLOCKS = YES;
				GCC_OPTIMIZATION_LEVEL = 0;
				GCC_PREPROCESSOR_DEFINITIONS = (
					"DEBUG=1",
					"$(inherited)",
				);
				GCC_WARN_64_TO_32_BIT_CONVERSION = YES;
				GCC_WARN_ABOUT_RETURN_TYPE = YES_ERROR;
				GCC_WARN_UNDECLARED_SELECTOR = YES;
				GCC_WARN_UNINITIALIZED_AUTOS = YES_AGGRESSIVE;
				GCC_WARN_UNUSED_FUNCTION = YES;
				GCC_WARN_UNUSED_VARIABLE = YES;
				IPHONEOS_DEPLOYMENT_TARGET = 14.1;
				MTL_ENABLE_DEBUG_INFO = INCLUDE_SOURCE;
				MTL_FAST_MATH = YES;
				ONLY_ACTIVE_ARCH = YES;
				SDKROOT = iphoneos;
				VERSIONING_SYSTEM = "apple-generic";
				VERSION_INFO_PREFIX = "";
			};
			name = Debug;
		};
		9CE7992D25837C9400157199 /* Release */ = {
			isa = XCBuildConfiguration;
			buildSettings = {
				ALWAYS_SEARCH_USER_PATHS = NO;
				CLANG_ANALYZER_NONNULL = YES;
				CLANG_ANALYZER_NUMBER_OBJECT_CONVERSION = YES_AGGRESSIVE;
				CLANG_CXX_LANGUAGE_STANDARD = "gnu++14";
				CLANG_CXX_LIBRARY = "libc++";
				CLANG_ENABLE_MODULES = YES;
				CLANG_ENABLE_OBJC_ARC = YES;
				CLANG_ENABLE_OBJC_WEAK = YES;
				CLANG_WARN_BLOCK_CAPTURE_AUTORELEASING = YES;
				CLANG_WARN_BOOL_CONVERSION = YES;
				CLANG_WARN_COMMA = YES;
				CLANG_WARN_CONSTANT_CONVERSION = YES;
				CLANG_WARN_DEPRECATED_OBJC_IMPLEMENTATIONS = YES;
				CLANG_WARN_DIRECT_OBJC_ISA_USAGE = YES_ERROR;
				CLANG_WARN_DOCUMENTATION_COMMENTS = YES;
				CLANG_WARN_EMPTY_BODY = YES;
				CLANG_WARN_ENUM_CONVERSION = YES;
				CLANG_WARN_INFINITE_RECURSION = YES;
				CLANG_WARN_INT_CONVERSION = YES;
				CLANG_WARN_NON_LITERAL_NULL_CONVERSION = YES;
				CLANG_WARN_OBJC_IMPLICIT_RETAIN_SELF = YES;
				CLANG_WARN_OBJC_LITERAL_CONVERSION = YES;
				CLANG_WARN_OBJC_ROOT_CLASS = YES_ERROR;
				CLANG_WARN_QUOTED_INCLUDE_IN_FRAMEWORK_HEADER = YES;
				CLANG_WARN_RANGE_LOOP_ANALYSIS = YES;
				CLANG_WARN_STRICT_PROTOTYPES = YES;
				CLANG_WARN_SUSPICIOUS_MOVE = YES;
				CLANG_WARN_UNGUARDED_AVAILABILITY = YES_AGGRESSIVE;
				CLANG_WARN_UNREACHABLE_CODE = YES;
				CLANG_WARN__DUPLICATE_METHOD_MATCH = YES;
				COPY_PHASE_STRIP = NO;
				CURRENT_PROJECT_VERSION = 1;
				DEBUG_INFORMATION_FORMAT = "dwarf-with-dsym";
				ENABLE_NS_ASSERTIONS = NO;
				ENABLE_STRICT_OBJC_MSGSEND = YES;
				GCC_C_LANGUAGE_STANDARD = gnu11;
				GCC_NO_COMMON_BLOCKS = YES;
				GCC_WARN_64_TO_32_BIT_CONVERSION = YES;
				GCC_WARN_ABOUT_RETURN_TYPE = YES_ERROR;
				GCC_WARN_UNDECLARED_SELECTOR = YES;
				GCC_WARN_UNINITIALIZED_AUTOS = YES_AGGRESSIVE;
				GCC_WARN_UNUSED_FUNCTION = YES;
				GCC_WARN_UNUSED_VARIABLE = YES;
				IPHONEOS_DEPLOYMENT_TARGET = 14.1;
				MTL_ENABLE_DEBUG_INFO = NO;
				MTL_FAST_MATH = YES;
				SDKROOT = iphoneos;
				VALIDATE_PRODUCT = YES;
				VERSIONING_SYSTEM = "apple-generic";
				VERSION_INFO_PREFIX = "";
			};
			name = Release;
		};
		9CE7992F25837C9400157199 /* Debug */ = {
			isa = XCBuildConfiguration;
			buildSettings = {
				CODE_SIGN_STYLE = Automatic;
				DEFINES_MODULE = YES;
				DEVELOPMENT_TEAM = G8ZB8K99NL;
				DYLIB_COMPATIBILITY_VERSION = 1;
				DYLIB_CURRENT_VERSION = 1;
				DYLIB_INSTALL_NAME_BASE = "@rpath";
				FRAMEWORK_SEARCH_PATHS = (
					"$(inherited)",
					"$(PROJECT_DIR)",
				);
				INFOPLIST_FILE = NewRelicVideoCore/Info.plist;
				INSTALL_PATH = "$(LOCAL_LIBRARY_DIR)/Frameworks";
				IPHONEOS_DEPLOYMENT_TARGET = 12.0;
				LD_RUNPATH_SEARCH_PATHS = (
					"$(inherited)",
					"@executable_path/Frameworks",
					"@loader_path/Frameworks",
				);
				PRODUCT_BUNDLE_IDENTIFIER = com.newrelic.NewRelicVideoCore;
				PRODUCT_NAME = NewRelicVideoCore;
				SKIP_INSTALL = YES;
				SUPPORTS_MACCATALYST = NO;
				TARGETED_DEVICE_FAMILY = "1,2";
			};
			name = Debug;
		};
		9CE7993025837C9400157199 /* Release */ = {
			isa = XCBuildConfiguration;
			buildSettings = {
				CODE_SIGN_STYLE = Automatic;
				DEFINES_MODULE = YES;
				DEVELOPMENT_TEAM = G8ZB8K99NL;
				DYLIB_COMPATIBILITY_VERSION = 1;
				DYLIB_CURRENT_VERSION = 1;
				DYLIB_INSTALL_NAME_BASE = "@rpath";
				FRAMEWORK_SEARCH_PATHS = (
					"$(inherited)",
					"$(PROJECT_DIR)",
				);
				INFOPLIST_FILE = NewRelicVideoCore/Info.plist;
				INSTALL_PATH = "$(LOCAL_LIBRARY_DIR)/Frameworks";
				IPHONEOS_DEPLOYMENT_TARGET = 12.0;
				LD_RUNPATH_SEARCH_PATHS = (
					"$(inherited)",
					"@executable_path/Frameworks",
					"@loader_path/Frameworks",
				);
				PRODUCT_BUNDLE_IDENTIFIER = com.newrelic.NewRelicVideoCore;
				PRODUCT_NAME = NewRelicVideoCore;
				SKIP_INSTALL = YES;
				SUPPORTS_MACCATALYST = NO;
				TARGETED_DEVICE_FAMILY = "1,2";
			};
			name = Release;
		};
		9CE7993225837C9400157199 /* Debug */ = {
			isa = XCBuildConfiguration;
			buildSettings = {
				CODE_SIGN_STYLE = Automatic;
				DEVELOPMENT_TEAM = G8ZB8K99NL;
				INFOPLIST_FILE = NewRelicVideoCoreTests/Info.plist;
				LD_RUNPATH_SEARCH_PATHS = (
					"$(inherited)",
					"@executable_path/Frameworks",
					"@loader_path/Frameworks",
				);
				PRODUCT_BUNDLE_IDENTIFIER = com.newrelic.NewRelicVideoCoreTests;
				PRODUCT_NAME = "NewRelicVideoCore-iOS";
				TARGETED_DEVICE_FAMILY = "1,2";
			};
			name = Debug;
		};
		9CE7993325837C9400157199 /* Release */ = {
			isa = XCBuildConfiguration;
			buildSettings = {
				CODE_SIGN_STYLE = Automatic;
				DEVELOPMENT_TEAM = G8ZB8K99NL;
				INFOPLIST_FILE = NewRelicVideoCoreTests/Info.plist;
				LD_RUNPATH_SEARCH_PATHS = (
					"$(inherited)",
					"@executable_path/Frameworks",
					"@loader_path/Frameworks",
				);
				PRODUCT_BUNDLE_IDENTIFIER = com.newrelic.NewRelicVideoCoreTests;
				PRODUCT_NAME = "NewRelicVideoCore-iOS";
				TARGETED_DEVICE_FAMILY = "1,2";
			};
			name = Release;
		};
		9CE7994D25837D0B00157199 /* Debug */ = {
			isa = XCBuildConfiguration;
			buildSettings = {
				CODE_SIGN_STYLE = Automatic;
				DEFINES_MODULE = YES;
				DEVELOPMENT_TEAM = G8ZB8K99NL;
				DYLIB_COMPATIBILITY_VERSION = 1;
				DYLIB_CURRENT_VERSION = 1;
				DYLIB_INSTALL_NAME_BASE = "@rpath";
				INFOPLIST_FILE = NewRelicVideoCore/Info.plist;
				INSTALL_PATH = "$(LOCAL_LIBRARY_DIR)/Frameworks";
				LD_RUNPATH_SEARCH_PATHS = (
					"$(inherited)",
					"@executable_path/Frameworks",
					"@loader_path/Frameworks",
				);
				PRODUCT_BUNDLE_IDENTIFIER = com.newrelic.NewRelicVideoCore;
				PRODUCT_NAME = NewRelicVideoCore;
				SDKROOT = appletvos;
				SKIP_INSTALL = YES;
				TARGETED_DEVICE_FAMILY = 3;
				TVOS_DEPLOYMENT_TARGET = 12.0;
			};
			name = Debug;
		};
		9CE7994E25837D0B00157199 /* Release */ = {
			isa = XCBuildConfiguration;
			buildSettings = {
				CODE_SIGN_STYLE = Automatic;
				DEFINES_MODULE = YES;
				DEVELOPMENT_TEAM = G8ZB8K99NL;
				DYLIB_COMPATIBILITY_VERSION = 1;
				DYLIB_CURRENT_VERSION = 1;
				DYLIB_INSTALL_NAME_BASE = "@rpath";
				INFOPLIST_FILE = NewRelicVideoCore/Info.plist;
				INSTALL_PATH = "$(LOCAL_LIBRARY_DIR)/Frameworks";
				LD_RUNPATH_SEARCH_PATHS = (
					"$(inherited)",
					"@executable_path/Frameworks",
					"@loader_path/Frameworks",
				);
				PRODUCT_BUNDLE_IDENTIFIER = com.newrelic.NewRelicVideoCore;
				PRODUCT_NAME = NewRelicVideoCore;
				SDKROOT = appletvos;
				SKIP_INSTALL = YES;
				TARGETED_DEVICE_FAMILY = 3;
				TVOS_DEPLOYMENT_TARGET = 12.0;
			};
			name = Release;
		};
		9CE7995025837D0B00157199 /* Debug */ = {
			isa = XCBuildConfiguration;
			buildSettings = {
				CODE_SIGN_STYLE = Automatic;
				DEVELOPMENT_TEAM = G8ZB8K99NL;
				INFOPLIST_FILE = NewRelicVideoCore/Info.plist;
				LD_RUNPATH_SEARCH_PATHS = (
					"$(inherited)",
					"@executable_path/Frameworks",
					"@loader_path/Frameworks",
				);
				PRODUCT_BUNDLE_IDENTIFIER = "com.newrelic.tvOS-NewRelicVideoCoreTests";
				PRODUCT_NAME = "NewRelicVideoCore-tvOS";
				SDKROOT = appletvos;
				TARGETED_DEVICE_FAMILY = 3;
				TVOS_DEPLOYMENT_TARGET = 14.0;
			};
			name = Debug;
		};
		9CE7995125837D0B00157199 /* Release */ = {
			isa = XCBuildConfiguration;
			buildSettings = {
				CODE_SIGN_STYLE = Automatic;
				DEVELOPMENT_TEAM = G8ZB8K99NL;
				INFOPLIST_FILE = NewRelicVideoCore/Info.plist;
				LD_RUNPATH_SEARCH_PATHS = (
					"$(inherited)",
					"@executable_path/Frameworks",
					"@loader_path/Frameworks",
				);
				PRODUCT_BUNDLE_IDENTIFIER = "com.newrelic.tvOS-NewRelicVideoCoreTests";
				PRODUCT_NAME = "NewRelicVideoCore-tvOS";
				SDKROOT = appletvos;
				TARGETED_DEVICE_FAMILY = 3;
				TVOS_DEPLOYMENT_TARGET = 14.0;
			};
			name = Release;
		};
/* End XCBuildConfiguration section */

/* Begin XCConfigurationList section */
		9CE7991425837C9400157199 /* Build configuration list for PBXProject "NewRelicVideoCore" */ = {
			isa = XCConfigurationList;
			buildConfigurations = (
				9CE7992C25837C9400157199 /* Debug */,
				9CE7992D25837C9400157199 /* Release */,
			);
			defaultConfigurationIsVisible = 0;
			defaultConfigurationName = Release;
		};
		9CE7992E25837C9400157199 /* Build configuration list for PBXNativeTarget "iOS NewRelicVideoCore" */ = {
			isa = XCConfigurationList;
			buildConfigurations = (
				9CE7992F25837C9400157199 /* Debug */,
				9CE7993025837C9400157199 /* Release */,
			);
			defaultConfigurationIsVisible = 0;
			defaultConfigurationName = Release;
		};
		9CE7993125837C9400157199 /* Build configuration list for PBXNativeTarget "iOS NewRelicVideoCoreTests" */ = {
			isa = XCConfigurationList;
			buildConfigurations = (
				9CE7993225837C9400157199 /* Debug */,
				9CE7993325837C9400157199 /* Release */,
			);
			defaultConfigurationIsVisible = 0;
			defaultConfigurationName = Release;
		};
		9CE7994C25837D0B00157199 /* Build configuration list for PBXNativeTarget "tvOS NewRelicVideoCore" */ = {
			isa = XCConfigurationList;
			buildConfigurations = (
				9CE7994D25837D0B00157199 /* Debug */,
				9CE7994E25837D0B00157199 /* Release */,
			);
			defaultConfigurationIsVisible = 0;
			defaultConfigurationName = Release;
		};
		9CE7994F25837D0B00157199 /* Build configuration list for PBXNativeTarget "tvOS NewRelicVideoCoreTests" */ = {
			isa = XCConfigurationList;
			buildConfigurations = (
				9CE7995025837D0B00157199 /* Debug */,
				9CE7995125837D0B00157199 /* Release */,
			);
			defaultConfigurationIsVisible = 0;
			defaultConfigurationName = Release;
		};
/* End XCConfigurationList section */
	};
	rootObject = 9CE7991125837C9400157199 /* Project object */;
}
