PODS:
  - NewRelicAgent (7.4.5)
  - NewRelicVideoCore (2.0.1):
    - NewRelicAgent
  - NRAVPlayerTracker (2.0.1):
    - NewRelicVideoCore

DEPENDENCIES:
  - NewRelicVideoCore (from `../../../`)
  - NRAVPlayerTracker (from `../../../`)

SPEC REPOS:
  trunk:
    - NewRelicAgent

EXTERNAL SOURCES:
  NewRelicVideoCore:
    :path: "../../../"
  NRAVPlayerTracker:
    :path: "../../../"

SPEC CHECKSUMS:
  NewRelicAgent: ac619f4d5719d2fe1f95245b77cbacd4a63a1dac
  NewRelicVideoCore: ca706370fe640406fe119ecbbcc3522b51897d93
  NRAVPlayerTracker: cbebe91c2e7572baa5315c707907e44175564141

PODFILE CHECKSUM: 32e1dbf5d898eafb1ac7cebe5772a757b4a590d1

COCOAPODS: 1.15.2
