PODS:
  - NewRelicAgent (7.3.7)
  - NewRelicVideoCore (0.99.2):
    - NewRelicAgent
  - NRAVPlayerTracker (0.99.2):
    - NewRelicVideoCore

DEPENDENCIES:
  - NewRelicVideoCore (from `../../../`)
  - NRAVPlayerTracker (from `../../../`)

SPEC REPOS:
  trunk:
    - NewRelicAgent

EXTERNAL SOURCES:
  NewRelicVideoCore:
    :path: "../../../"
  NRAVPlayerTracker:
    :path: "../../../"

SPEC CHECKSUMS:
  NewRelicAgent: 13afbb9545e287293cf7514d344be4ebc9413c6e
  NewRelicVideoCore: f7d6b37b836abe60a07a2c828464c3e596bb9d98
  NRAVPlayerTracker: 4e7591e2bc368c99e1e463f7c70c694a795a0217

PODFILE CHECKSUM: 32e1dbf5d898eafb1ac7cebe5772a757b4a590d1

COCOAPODS: 1.11.3
