PODS:
  - NewRelicVideoAgent (4.4.0)
  - NRAVPlayerTracker (4.4.0):
    - NewRelicVideoAgent

DEPENDENCIES:
  - NewRelicVideoAgent (from `../../../`)
  - NRAVPlayerTracker (from `../../../`)

EXTERNAL SOURCES:
  NewRelicVideoAgent:
    :path: "../../../"
  NRAVPlayerTracker:
    :path: "../../../"

SPEC CHECKSUMS:
  NewRelicVideoAgent: 998ff31ceed243a57ec41021eaa18973bdb4ce15
  NRAVPlayerTracker: 780ee5d4d40ac00ca826477dd68372df87009da6

PODFILE CHECKSUM: eb1dd201a0022fe4129cd0575ead69853ff796c5

COCOAPODS: 1.17.0
