PODS:
  - NewRelicVideoCore (4.0.0)
  - NRAVPlayerTracker (4.0.0):
    - NewRelicVideoCore

DEPENDENCIES:
  - NewRelicVideoCore (from `../../../`)
  - NRAVPlayerTracker (from `../../../`)

EXTERNAL SOURCES:
  NewRelicVideoCore:
    :path: "../../../"
  NRAVPlayerTracker:
    :path: "../../../"

SPEC CHECKSUMS:
  NewRelicVideoCore: 8e88213151f07631d9b3a5d026e3f8ba15826829
  NRAVPlayerTracker: ee412d06e48947d9ce03778bb5100e56050f449b

PODFILE CHECKSUM: b41cce883fc83d50133f5a9aba365cc57d8b3174

COCOAPODS: 1.16.2
