PODS:
  - NewRelicAgent (7.4.5)
  - NewRelicVideoCore (0.99.2):
    - NewRelicAgent
  - NRAVPlayerTracker (0.99.2):
    - NewRelicVideoCore

DEPENDENCIES:
  - NewRelicVideoCore (from `../../../`)
  - NRAVPlayerTracker (from `../../../`)

SPEC REPOS:
  trunk:
    - NewRelicAgent

EXTERNAL SOURCES:
  NewRelicVideoCore:
    :path: "../../../"
  NRAVPlayerTracker:
    :path: "../../../"

SPEC CHECKSUMS:
  NewRelicAgent: ac619f4d5719d2fe1f95245b77cbacd4a63a1dac
  NewRelicVideoCore: f7d6b37b836abe60a07a2c828464c3e596bb9d98
  NRAVPlayerTracker: 4e7591e2bc368c99e1e463f7c70c694a795a0217

PODFILE CHECKSUM: b41cce883fc83d50133f5a9aba365cc57d8b3174

COCOAPODS: 1.12.1
