PODS:
  - GoogleAds-IMA-iOS-SDK (3.19.2)
  - NewRelicVideoAgent (4.0.0)
  - NRAVPlayerTracker (4.0.0):
    - NewRelicVideoAgent
  - NRIMATracker (4.0.0):
    - GoogleAds-IMA-iOS-SDK
    - GoogleAds-IMA-tvOS-SDK
    - NewRelicVideoAgent

DEPENDENCIES:
  - NewRelicVideoAgent (from `../../../`)
  - NRAVPlayerTracker (from `../../../`)
  - NRIMATracker (from `../../../`)

SPEC REPOS:
  trunk:
    - GoogleAds-IMA-iOS-SDK

EXTERNAL SOURCES:
  NewRelicVideoAgent:
    :path: "../../../"
  NRAVPlayerTracker:
    :path: "../../../"
  NRIMATracker:
    :path: "../../../"

SPEC CHECKSUMS:
  GoogleAds-IMA-iOS-SDK: 0e817c05ab26f1b9285c80f4a75e1350a916d50b
  NewRelicVideoAgent: ee0c43d7490ab9d259c04e531f9b7fec95704033
  NRAVPlayerTracker: 08d98564362d7a83873de2ef4e443e2027b7138a
  NRIMATracker: 96a64252d8a7f0569c2af1b129bbfbf44353e8ad

PODFILE CHECKSUM: 053b07d4805c2a687fc4558c91431e36b579f061

COCOAPODS: 1.16.2
