PODS:
  - GoogleAds-IMA-iOS-SDK (3.19.2)
  - NewRelicVideoAgent (4.0.2)
  - NRAVPlayerTracker (4.0.2):
    - NewRelicVideoAgent
  - NRIMATracker (4.0.2):
    - GoogleAds-IMA-iOS-SDK
    - GoogleAds-IMA-tvOS-SDK
    - NewRelicVideoAgent

DEPENDENCIES:
  - NewRelicVideoAgent (from `../../../`)
  - NRAVPlayerTracker (from `../../../`)
  - NRIMATracker (from `../../../`)

SPEC REPOS:
  trunk:
    - GoogleAds-IMA-iOS-SDK

EXTERNAL SOURCES:
  NewRelicVideoAgent:
    :path: "../../../"
  NRAVPlayerTracker:
    :path: "../../../"
  NRIMATracker:
    :path: "../../../"

SPEC CHECKSUMS:
  GoogleAds-IMA-iOS-SDK: 0e817c05ab26f1b9285c80f4a75e1350a916d50b
  NewRelicVideoAgent: 72c71854da1b79a864ba867df1ac88619a3d05a6
  NRAVPlayerTracker: 7dc7afcc0c7c9d60891f627f3035ade0e8f6f2d3
  NRIMATracker: 70741ad94e5b3375f5999b47c8aa2fa102e6dabb

PODFILE CHECKSUM: 053b07d4805c2a687fc4558c91431e36b579f061

COCOAPODS: 1.16.2
