PODS:
  - GoogleAds-IMA-iOS-SDK (3.19.2)
  - NewRelicAgent (7.4.5)
  - NewRelicVideoCore (0.99.2):
    - NewRelicAgent
  - NRAVPlayerTracker (0.99.2):
    - NewRelicVideoCore
  - NRIMATracker (0.99.2):
    - GoogleAds-IMA-iOS-SDK
    - GoogleAds-IMA-tvOS-SDK
    - NewRelicVideoCore

DEPENDENCIES:
  - NewRelicVideoCore (from `../../../`)
  - NRAVPlayerTracker (from `../../../`)
  - NRIMATracker (from `../../../`)

SPEC REPOS:
  trunk:
    - GoogleAds-IMA-iOS-SDK
    - NewRelicAgent

EXTERNAL SOURCES:
  NewRelicVideoCore:
    :path: "../../../"
  NRAVPlayerTracker:
    :path: "../../../"
  NRIMATracker:
    :path: "../../../"

SPEC CHECKSUMS:
  GoogleAds-IMA-iOS-SDK: 0e817c05ab26f1b9285c80f4a75e1350a916d50b
  NewRelicAgent: ac619f4d5719d2fe1f95245b77cbacd4a63a1dac
  NewRelicVideoCore: f7d6b37b836abe60a07a2c828464c3e596bb9d98
  NRAVPlayerTracker: 4e7591e2bc368c99e1e463f7c70c694a795a0217
  NRIMATracker: cc00c6cd5edfe836515b168f8ecd86514673893f

PODFILE CHECKSUM: 18fd3f22d40d13fdb9ae6bcdb48109e1ea5f3582

COCOAPODS: 1.12.1
