// !$*UTF8*$!
{
	archiveVersion = 1;
	classes = {
	};
	objectVersion = 50;
	objects = {

/* Begin PBXBuildFile section */
		9CA0010125A4965F00000001 /* NRMediaTailorTracker.h in Headers */ = {isa = PBXBuildFile; fileRef = 9CA0010025A4965F00000001 /* NRMediaTailorTracker.h */; settings = {ATTRIBUTES = (Public, ); }; };
		9CA0010225A4965F00000001 /* NRMediaTailorTracker.h in Headers */ = {isa = PBXBuildFile; fileRef = 9CA0010025A4965F00000001 /* NRMediaTailorTracker.h */; settings = {ATTRIBUTES = (Public, ); }; };
		9CA0010325A4965F00000001 /* NRTrackerMediaTailor.h in Headers */ = {isa = PBXBuildFile; fileRef = 9CA0010A25A4965F00000001 /* NRTrackerMediaTailor.h */; settings = {ATTRIBUTES = (Public, ); }; };
		9CA0010425A4965F00000001 /* NRTrackerMediaTailor.h in Headers */ = {isa = PBXBuildFile; fileRef = 9CA0010A25A4965F00000001 /* NRTrackerMediaTailor.h */; settings = {ATTRIBUTES = (Public, ); }; };
		9CA0010525A4965F00000001 /* NRTrackerMediaTailor.m in Sources */ = {isa = PBXBuildFile; fileRef = 9CA0010B25A4965F00000001 /* NRTrackerMediaTailor.m */; };
		9CA0010625A4965F00000001 /* NRTrackerMediaTailor.m in Sources */ = {isa = PBXBuildFile; fileRef = 9CA0010B25A4965F00000001 /* NRTrackerMediaTailor.m */; };
		9CA0010725A4965F00000001 /* PrivacyInfo.xcprivacy in Resources */ = {isa = PBXBuildFile; fileRef = 9CA0010825A4965F00000001 /* PrivacyInfo.xcprivacy */; };
		9CA0010925A4965F00000001 /* PrivacyInfo.xcprivacy in Resources */ = {isa = PBXBuildFile; fileRef = 9CA0010825A4965F00000001 /* PrivacyInfo.xcprivacy */; };
		9CA0011A25A4965F00000001 /* NewRelicVideoCore.framework in Frameworks */ = {isa = PBXBuildFile; fileRef = 9CA0011925A4965F00000001 /* NewRelicVideoCore.framework */; };
		AB100001000000000000A000 /* MTDetector.h in Headers */ = {isa = PBXBuildFile; fileRef = AB100000000000000000A000 /* MTDetector.h */; settings = {ATTRIBUTES = (Public, ); }; };
		AB100002000000000000A000 /* MTDetector.h in Headers */ = {isa = PBXBuildFile; fileRef = AB100000000000000000A000 /* MTDetector.h */; settings = {ATTRIBUTES = (Public, ); }; };
		AB100003000000000000A000 /* MTDetector.m in Sources */ = {isa = PBXBuildFile; fileRef = AB100000000000000000A001 /* MTDetector.m */; };
		AB100004000000000000A000 /* MTDetector.m in Sources */ = {isa = PBXBuildFile; fileRef = AB100000000000000000A001 /* MTDetector.m */; };
		AB100005000000000000A000 /* MTDetectorTests.m in Sources */ = {isa = PBXBuildFile; fileRef = AB100000000000000000A002 /* MTDetectorTests.m */; };
		AB100006000000000000A000 /* NRMediaTailorTracker.framework in Frameworks */ = {isa = PBXBuildFile; fileRef = 9CA000FE25A4965F00000001 /* NRMediaTailorTracker.framework */; };
		AB100010000000000000A000 /* NRMediaTailorTracker.framework in Embed Frameworks */ = {isa = PBXBuildFile; fileRef = 9CA000FE25A4965F00000001 /* NRMediaTailorTracker.framework */; settings = {ATTRIBUTES = (CodeSignOnCopy, RemoveHeadersOnCopy, ); }; };
		AB100011000000000000A000 /* NewRelicVideoCore.framework in Embed Frameworks */ = {isa = PBXBuildFile; fileRef = 9CA0011925A4965F00000001 /* NewRelicVideoCore.framework */; settings = {ATTRIBUTES = (CodeSignOnCopy, RemoveHeadersOnCopy, ); }; };
		CD100001000000000000A000 /* MTAdErrorCode.h in Headers */ = {isa = PBXBuildFile; fileRef = CD100000000000000000A000 /* MTAdErrorCode.h */; settings = {ATTRIBUTES = (Public, ); }; };
		CD100002000000000000A000 /* MTAdErrorCode.h in Headers */ = {isa = PBXBuildFile; fileRef = CD100000000000000000A000 /* MTAdErrorCode.h */; settings = {ATTRIBUTES = (Public, ); }; };
		CD100003000000000000A000 /* MTAdErrorCode.m in Sources */ = {isa = PBXBuildFile; fileRef = CD100010000000000000A000 /* MTAdErrorCode.m */; };
		CD100004000000000000A000 /* MTAdErrorCode.m in Sources */ = {isa = PBXBuildFile; fileRef = CD100010000000000000A000 /* MTAdErrorCode.m */; };
		CD100001000000000000A001 /* MTTrackingEvent.h in Headers */ = {isa = PBXBuildFile; fileRef = CD100000000000000000A001 /* MTTrackingEvent.h */; settings = {ATTRIBUTES = (Public, ); }; };
		CD100002000000000000A001 /* MTTrackingEvent.h in Headers */ = {isa = PBXBuildFile; fileRef = CD100000000000000000A001 /* MTTrackingEvent.h */; settings = {ATTRIBUTES = (Public, ); }; };
		CD100003000000000000A001 /* MTTrackingEvent.m in Sources */ = {isa = PBXBuildFile; fileRef = CD100010000000000000A001 /* MTTrackingEvent.m */; };
		CD100004000000000000A001 /* MTTrackingEvent.m in Sources */ = {isa = PBXBuildFile; fileRef = CD100010000000000000A001 /* MTTrackingEvent.m */; };
		CD100001000000000000A002 /* MTAd.h in Headers */ = {isa = PBXBuildFile; fileRef = CD100000000000000000A002 /* MTAd.h */; settings = {ATTRIBUTES = (Public, ); }; };
		CD100002000000000000A002 /* MTAd.h in Headers */ = {isa = PBXBuildFile; fileRef = CD100000000000000000A002 /* MTAd.h */; settings = {ATTRIBUTES = (Public, ); }; };
		CD100003000000000000A002 /* MTAd.m in Sources */ = {isa = PBXBuildFile; fileRef = CD100010000000000000A002 /* MTAd.m */; };
		CD100004000000000000A002 /* MTAd.m in Sources */ = {isa = PBXBuildFile; fileRef = CD100010000000000000A002 /* MTAd.m */; };
		CD100001000000000000A003 /* MTAvail.h in Headers */ = {isa = PBXBuildFile; fileRef = CD100000000000000000A003 /* MTAvail.h */; settings = {ATTRIBUTES = (Public, ); }; };
		CD100002000000000000A003 /* MTAvail.h in Headers */ = {isa = PBXBuildFile; fileRef = CD100000000000000000A003 /* MTAvail.h */; settings = {ATTRIBUTES = (Public, ); }; };
		CD100003000000000000A003 /* MTAvail.m in Sources */ = {isa = PBXBuildFile; fileRef = CD100010000000000000A003 /* MTAvail.m */; };
		CD100004000000000000A003 /* MTAvail.m in Sources */ = {isa = PBXBuildFile; fileRef = CD100010000000000000A003 /* MTAvail.m */; };
		CD100001000000000000A004 /* MTNonLinearAvail.h in Headers */ = {isa = PBXBuildFile; fileRef = CD100000000000000000A004 /* MTNonLinearAvail.h */; settings = {ATTRIBUTES = (Public, ); }; };
		CD100002000000000000A004 /* MTNonLinearAvail.h in Headers */ = {isa = PBXBuildFile; fileRef = CD100000000000000000A004 /* MTNonLinearAvail.h */; settings = {ATTRIBUTES = (Public, ); }; };
		CD100003000000000000A004 /* MTNonLinearAvail.m in Sources */ = {isa = PBXBuildFile; fileRef = CD100010000000000000A004 /* MTNonLinearAvail.m */; };
		CD100004000000000000A004 /* MTNonLinearAvail.m in Sources */ = {isa = PBXBuildFile; fileRef = CD100010000000000000A004 /* MTNonLinearAvail.m */; };
		CD100001000000000000A005 /* MTTrackingResponse.h in Headers */ = {isa = PBXBuildFile; fileRef = CD100000000000000000A005 /* MTTrackingResponse.h */; settings = {ATTRIBUTES = (Public, ); }; };
		CD100002000000000000A005 /* MTTrackingResponse.h in Headers */ = {isa = PBXBuildFile; fileRef = CD100000000000000000A005 /* MTTrackingResponse.h */; settings = {ATTRIBUTES = (Public, ); }; };
		CD100003000000000000A005 /* MTTrackingResponse.m in Sources */ = {isa = PBXBuildFile; fileRef = CD100010000000000000A005 /* MTTrackingResponse.m */; };
		CD100004000000000000A005 /* MTTrackingResponse.m in Sources */ = {isa = PBXBuildFile; fileRef = CD100010000000000000A005 /* MTTrackingResponse.m */; };
		CD100001000000000000A006 /* MTAdPod.h in Headers */ = {isa = PBXBuildFile; fileRef = CD100000000000000000A006 /* MTAdPod.h */; settings = {ATTRIBUTES = (Public, ); }; };
		CD100002000000000000A006 /* MTAdPod.h in Headers */ = {isa = PBXBuildFile; fileRef = CD100000000000000000A006 /* MTAdPod.h */; settings = {ATTRIBUTES = (Public, ); }; };
		CD100003000000000000A006 /* MTAdPod.m in Sources */ = {isa = PBXBuildFile; fileRef = CD100010000000000000A006 /* MTAdPod.m */; };
		CD100004000000000000A006 /* MTAdPod.m in Sources */ = {isa = PBXBuildFile; fileRef = CD100010000000000000A006 /* MTAdPod.m */; };
		CD100001000000000000A007 /* MTAdBreak.h in Headers */ = {isa = PBXBuildFile; fileRef = CD100000000000000000A007 /* MTAdBreak.h */; settings = {ATTRIBUTES = (Public, ); }; };
		CD100002000000000000A007 /* MTAdBreak.h in Headers */ = {isa = PBXBuildFile; fileRef = CD100000000000000000A007 /* MTAdBreak.h */; settings = {ATTRIBUTES = (Public, ); }; };
		CD100003000000000000A007 /* MTAdBreak.m in Sources */ = {isa = PBXBuildFile; fileRef = CD100010000000000000A007 /* MTAdBreak.m */; };
		CD100004000000000000A007 /* MTAdBreak.m in Sources */ = {isa = PBXBuildFile; fileRef = CD100010000000000000A007 /* MTAdBreak.m */; };
		CD200001000000000000A000 /* MTTrackingResponseDecodeTests.m in Sources */ = {isa = PBXBuildFile; fileRef = CD200000000000000000A000 /* MTTrackingResponseDecodeTests.m */; };
		CD200001000000000000A001 /* MTAdDecodeTests.m in Sources */ = {isa = PBXBuildFile; fileRef = CD200000000000000000A001 /* MTAdDecodeTests.m */; };
		CD200002000000000000A000 /* tracking_full.json in Resources */ = {isa = PBXBuildFile; fileRef = CD200010000000000000A000 /* tracking_full.json */; };
		CD200002000000000000A001 /* tracking_empty_ads.json in Resources */ = {isa = PBXBuildFile; fileRef = CD200010000000000000A001 /* tracking_empty_ads.json */; };
		CD200002000000000000A002 /* tracking_with_nexttoken.json in Resources */ = {isa = PBXBuildFile; fileRef = CD200010000000000000A002 /* tracking_with_nexttoken.json */; };
		CD200002000000000000A003 /* tracking_missing_creativeId.json in Resources */ = {isa = PBXBuildFile; fileRef = CD200010000000000000A003 /* tracking_missing_creativeId.json */; };
		CD200002000000000000A004 /* tracking_live.json in Resources */ = {isa = PBXBuildFile; fileRef = CD200010000000000000A004 /* tracking_live.json */; };
		EE100001000000000000A000 /* MTHlsParser.h in Headers */ = {isa = PBXBuildFile; fileRef = EE100000000000000000A000 /* MTHlsParser.h */; settings = {ATTRIBUTES = (Public, ); }; };
		EE100002000000000000A000 /* MTHlsParser.h in Headers */ = {isa = PBXBuildFile; fileRef = EE100000000000000000A000 /* MTHlsParser.h */; settings = {ATTRIBUTES = (Public, ); }; };
		EE100003000000000000A000 /* MTHlsParser.m in Sources */ = {isa = PBXBuildFile; fileRef = EE100010000000000000A000 /* MTHlsParser.m */; };
		EE100004000000000000A000 /* MTHlsParser.m in Sources */ = {isa = PBXBuildFile; fileRef = EE100010000000000000A000 /* MTHlsParser.m */; };
		EE100001000000000000A001 /* MTManifestParseResult.h in Headers */ = {isa = PBXBuildFile; fileRef = EE100000000000000000A001 /* MTManifestParseResult.h */; settings = {ATTRIBUTES = (Public, ); }; };
		EE100002000000000000A001 /* MTManifestParseResult.h in Headers */ = {isa = PBXBuildFile; fileRef = EE100000000000000000A001 /* MTManifestParseResult.h */; settings = {ATTRIBUTES = (Public, ); }; };
		EE100003000000000000A001 /* MTManifestParseResult.m in Sources */ = {isa = PBXBuildFile; fileRef = EE100010000000000000A001 /* MTManifestParseResult.m */; };
		EE100004000000000000A001 /* MTManifestParseResult.m in Sources */ = {isa = PBXBuildFile; fileRef = EE100010000000000000A001 /* MTManifestParseResult.m */; };
		EE200001000000000000A000 /* MTHlsParserTests.m in Sources */ = {isa = PBXBuildFile; fileRef = EE200000000000000000A000 /* MTHlsParserTests.m */; };
		EE200002000000000000A000 /* mediatailor_vod_with_daterange.m3u8 in Resources */ = {isa = PBXBuildFile; fileRef = EE200010000000000000A000 /* mediatailor_vod_with_daterange.m3u8 */; };
		EE200002000000000000A001 /* mediatailor_vod_segment_markers_only.m3u8 in Resources */ = {isa = PBXBuildFile; fileRef = EE200010000000000000A001 /* mediatailor_vod_segment_markers_only.m3u8 */; };
		EE200002000000000000A002 /* mediatailor_live_sliding_window.m3u8 in Resources */ = {isa = PBXBuildFile; fileRef = EE200010000000000000A002 /* mediatailor_live_sliding_window.m3u8 */; };
		EE200002000000000000A003 /* mediatailor_empty_avail.m3u8 in Resources */ = {isa = PBXBuildFile; fileRef = EE200010000000000000A003 /* mediatailor_empty_avail.m3u8 */; };
		EE200002000000000000A004 /* mediatailor_oversize_pod.m3u8 in Resources */ = {isa = PBXBuildFile; fileRef = EE200010000000000000A004 /* mediatailor_oversize_pod.m3u8 */; };
		CE300001000000000000A000 /* MTTrackingClient.h in Headers */ = {isa = PBXBuildFile; fileRef = CE300000000000000000A000 /* MTTrackingClient.h */; settings = {ATTRIBUTES = (Public, ); }; };
		CE300002000000000000A000 /* MTTrackingClient.h in Headers */ = {isa = PBXBuildFile; fileRef = CE300000000000000000A000 /* MTTrackingClient.h */; settings = {ATTRIBUTES = (Public, ); }; };
		CE300003000000000000A000 /* MTTrackingClient.m in Sources */ = {isa = PBXBuildFile; fileRef = CE300010000000000000A000 /* MTTrackingClient.m */; };
		CE300004000000000000A000 /* MTTrackingClient.m in Sources */ = {isa = PBXBuildFile; fileRef = CE300010000000000000A000 /* MTTrackingClient.m */; };
		CE300001000000000000A001 /* MTTrackingError.h in Headers */ = {isa = PBXBuildFile; fileRef = CE300000000000000000A001 /* MTTrackingError.h */; settings = {ATTRIBUTES = (Public, ); }; };
		CE300002000000000000A001 /* MTTrackingError.h in Headers */ = {isa = PBXBuildFile; fileRef = CE300000000000000000A001 /* MTTrackingError.h */; settings = {ATTRIBUTES = (Public, ); }; };
		CE300003000000000000A001 /* MTTrackingError.m in Sources */ = {isa = PBXBuildFile; fileRef = CE300010000000000000A001 /* MTTrackingError.m */; };
		CE300004000000000000A001 /* MTTrackingError.m in Sources */ = {isa = PBXBuildFile; fileRef = CE300010000000000000A001 /* MTTrackingError.m */; };
		CE300005000000000000A100 /* MTTrackingClientTests.m in Sources */ = {isa = PBXBuildFile; fileRef = CE300000000000000000A100 /* MTTrackingClientTests.m */; };
		FA100001000000000000A000 /* MTManifestParser.h in Headers */ = {isa = PBXBuildFile; fileRef = FA100000000000000000A000 /* MTManifestParser.h */; settings = {ATTRIBUTES = (Public, ); }; };
		FA100002000000000000A000 /* MTManifestParser.h in Headers */ = {isa = PBXBuildFile; fileRef = FA100000000000000000A000 /* MTManifestParser.h */; settings = {ATTRIBUTES = (Public, ); }; };
		FA100001000000000000A001 /* MTDashParser.h in Headers */ = {isa = PBXBuildFile; fileRef = FA100000000000000000A001 /* MTDashParser.h */; settings = {ATTRIBUTES = (Public, ); }; };
		FA100002000000000000A001 /* MTDashParser.h in Headers */ = {isa = PBXBuildFile; fileRef = FA100000000000000000A001 /* MTDashParser.h */; settings = {ATTRIBUTES = (Public, ); }; };
		FA100003000000000000A001 /* MTDashParser.m in Sources */ = {isa = PBXBuildFile; fileRef = FA100010000000000000A001 /* MTDashParser.m */; };
		FA100004000000000000A001 /* MTDashParser.m in Sources */ = {isa = PBXBuildFile; fileRef = FA100010000000000000A001 /* MTDashParser.m */; };
		FA200001000000000000A000 /* MTManifestParserSeamTests.m in Sources */ = {isa = PBXBuildFile; fileRef = FA200000000000000000A000 /* MTManifestParserSeamTests.m */; };
		DB100001000000000000A000 /* MergedSchedule.h in Headers */ = {isa = PBXBuildFile; fileRef = DB100000000000000000A000 /* MergedSchedule.h */; settings = {ATTRIBUTES = (Public, ); }; };
		DB100002000000000000A000 /* MergedSchedule.h in Headers */ = {isa = PBXBuildFile; fileRef = DB100000000000000000A000 /* MergedSchedule.h */; settings = {ATTRIBUTES = (Public, ); }; };
		DB100003000000000000A000 /* MergedSchedule.m in Sources */ = {isa = PBXBuildFile; fileRef = DB100010000000000000A000 /* MergedSchedule.m */; };
		DB100004000000000000A000 /* MergedSchedule.m in Sources */ = {isa = PBXBuildFile; fileRef = DB100010000000000000A000 /* MergedSchedule.m */; };
		DB100001000000000000A001 /* MTAdScheduleMerger.h in Headers */ = {isa = PBXBuildFile; fileRef = DB100000000000000000A001 /* MTAdScheduleMerger.h */; settings = {ATTRIBUTES = (Public, ); }; };
		DB100002000000000000A001 /* MTAdScheduleMerger.h in Headers */ = {isa = PBXBuildFile; fileRef = DB100000000000000000A001 /* MTAdScheduleMerger.h */; settings = {ATTRIBUTES = (Public, ); }; };
		DB100003000000000000A001 /* MTAdScheduleMerger.m in Sources */ = {isa = PBXBuildFile; fileRef = DB100010000000000000A001 /* MTAdScheduleMerger.m */; };
		DB100004000000000000A001 /* MTAdScheduleMerger.m in Sources */ = {isa = PBXBuildFile; fileRef = DB100010000000000000A001 /* MTAdScheduleMerger.m */; };
		DB200001000000000000A000 /* MTAdScheduleMergerTests.m in Sources */ = {isa = PBXBuildFile; fileRef = DB200000000000000000A000 /* MTAdScheduleMergerTests.m */; };
		C70001000000000000A000 /* MTAdState.h in Headers */ = {isa = PBXBuildFile; fileRef = C70000000000000000A000 /* MTAdState.h */; settings = {ATTRIBUTES = (Public, ); }; };
		C70002000000000000A000 /* MTAdState.h in Headers */ = {isa = PBXBuildFile; fileRef = C70000000000000000A000 /* MTAdState.h */; settings = {ATTRIBUTES = (Public, ); }; };
		C70001000000000000A001 /* MTPlayheadStateMachine.h in Headers */ = {isa = PBXBuildFile; fileRef = C70000000000000000A001 /* MTPlayheadStateMachine.h */; settings = {ATTRIBUTES = (Public, ); }; };
		C70002000000000000A001 /* MTPlayheadStateMachine.h in Headers */ = {isa = PBXBuildFile; fileRef = C70000000000000000A001 /* MTPlayheadStateMachine.h */; settings = {ATTRIBUTES = (Public, ); }; };
		C70003000000000000A001 /* MTPlayheadStateMachine.m in Sources */ = {isa = PBXBuildFile; fileRef = C70010000000000000A001 /* MTPlayheadStateMachine.m */; };
		C70004000000000000A001 /* MTPlayheadStateMachine.m in Sources */ = {isa = PBXBuildFile; fileRef = C70010000000000000A001 /* MTPlayheadStateMachine.m */; };
		C71001000000000000A000 /* MTPlayheadStateMachineTests.m in Sources */ = {isa = PBXBuildFile; fileRef = C71000000000000000A000 /* MTPlayheadStateMachineTests.m */; };
		D80001000000000000A000 /* NRTrackerMediaTailorEventTests.m in Sources */ = {isa = PBXBuildFile; fileRef = D80000000000000000A000 /* NRTrackerMediaTailorEventTests.m */; };
		D80001000000000000A001 /* NRTrackerMediaTailorLifecycleTests.m in Sources */ = {isa = PBXBuildFile; fileRef = D80000000000000000A001 /* NRTrackerMediaTailorLifecycleTests.m */; };
/* End PBXBuildFile section */

/* Begin PBXContainerItemProxy section */
		AB100020000000000000A000 /* PBXContainerItemProxy */ = {
			isa = PBXContainerItemProxy;
			containerPortal = 9CA000F525A4965F00000001 /* Project object */;
			proxyType = 1;
			remoteGlobalIDString = 9CA000FD25A4965F00000001;
			remoteInfo = "NRMediaTailorTracker-iOS";
		};
/* End PBXContainerItemProxy section */

/* Begin PBXCopyFilesBuildPhase section */
		AB100033000000000000A000 /* Embed Frameworks */ = {
			isa = PBXCopyFilesBuildPhase;
			buildActionMask = 2147483647;
			dstPath = "";
			dstSubfolderSpec = 10;
			files = (
				AB100010000000000000A000 /* NRMediaTailorTracker.framework in Embed Frameworks */,
				AB100011000000000000A000 /* NewRelicVideoCore.framework in Embed Frameworks */,
			);
			name = "Embed Frameworks";
			runOnlyForDeploymentPostprocessing = 0;
		};
/* End PBXCopyFilesBuildPhase section */

/* Begin PBXFileReference section */
		9CA000FE25A4965F00000001 /* NRMediaTailorTracker.framework */ = {isa = PBXFileReference; explicitFileType = wrapper.framework; includeInIndex = 0; path = NRMediaTailorTracker.framework; sourceTree = BUILT_PRODUCTS_DIR; };
		9CA0010025A4965F00000001 /* NRMediaTailorTracker.h */ = {isa = PBXFileReference; lastKnownFileType = sourcecode.c.h; path = NRMediaTailorTracker.h; sourceTree = "<group>"; };
		9CA0010825A4965F00000001 /* PrivacyInfo.xcprivacy */ = {isa = PBXFileReference; lastKnownFileType = text.xml; path = PrivacyInfo.xcprivacy; sourceTree = "<group>"; };
		9CA0010A25A4965F00000001 /* NRTrackerMediaTailor.h */ = {isa = PBXFileReference; lastKnownFileType = sourcecode.c.h; path = NRTrackerMediaTailor.h; sourceTree = "<group>"; };
		9CA0010B25A4965F00000001 /* NRTrackerMediaTailor.m */ = {isa = PBXFileReference; lastKnownFileType = sourcecode.c.objc; path = NRTrackerMediaTailor.m; sourceTree = "<group>"; };
		9CA0010C25A4965F00000001 /* Info.plist */ = {isa = PBXFileReference; lastKnownFileType = text.plist.xml; path = Info.plist; sourceTree = "<group>"; };
		9CA0011625A4965F00000001 /* NRMediaTailorTracker.framework */ = {isa = PBXFileReference; explicitFileType = wrapper.framework; includeInIndex = 0; path = NRMediaTailorTracker.framework; sourceTree = BUILT_PRODUCTS_DIR; };
		9CA0011925A4965F00000001 /* NewRelicVideoCore.framework */ = {isa = PBXFileReference; lastKnownFileType = wrapper.framework; name = NewRelicVideoCore.framework; path = "../NewRelicVideoCore/build/Debug-iphonesimulator/NewRelicVideoCore.framework"; sourceTree = "<group>"; };
		AB100000000000000000A000 /* MTDetector.h */ = {isa = PBXFileReference; lastKnownFileType = sourcecode.c.h; path = MTDetector.h; sourceTree = "<group>"; };
		AB100000000000000000A001 /* MTDetector.m */ = {isa = PBXFileReference; lastKnownFileType = sourcecode.c.objc; path = MTDetector.m; sourceTree = "<group>"; };
		AB100000000000000000A002 /* MTDetectorTests.m */ = {isa = PBXFileReference; lastKnownFileType = sourcecode.c.objc; path = MTDetectorTests.m; sourceTree = "<group>"; };
		AB100000000000000000A003 /* Info.plist */ = {isa = PBXFileReference; lastKnownFileType = text.plist.xml; path = Info.plist; sourceTree = "<group>"; };
		AB100000000000000000A004 /* NRMediaTailorTrackerTests.xctest */ = {isa = PBXFileReference; explicitFileType = wrapper.cfbundle; includeInIndex = 0; path = NRMediaTailorTrackerTests.xctest; sourceTree = BUILT_PRODUCTS_DIR; };
		CD100000000000000000A000 /* MTAdErrorCode.h */ = {isa = PBXFileReference; lastKnownFileType = sourcecode.c.h; path = MTAdErrorCode.h; sourceTree = "<group>"; };
		CD100010000000000000A000 /* MTAdErrorCode.m */ = {isa = PBXFileReference; lastKnownFileType = sourcecode.c.objc; path = MTAdErrorCode.m; sourceTree = "<group>"; };
		CD100000000000000000A001 /* MTTrackingEvent.h */ = {isa = PBXFileReference; lastKnownFileType = sourcecode.c.h; path = MTTrackingEvent.h; sourceTree = "<group>"; };
		CD100010000000000000A001 /* MTTrackingEvent.m */ = {isa = PBXFileReference; lastKnownFileType = sourcecode.c.objc; path = MTTrackingEvent.m; sourceTree = "<group>"; };
		CD100000000000000000A002 /* MTAd.h */ = {isa = PBXFileReference; lastKnownFileType = sourcecode.c.h; path = MTAd.h; sourceTree = "<group>"; };
		CD100010000000000000A002 /* MTAd.m */ = {isa = PBXFileReference; lastKnownFileType = sourcecode.c.objc; path = MTAd.m; sourceTree = "<group>"; };
		CD100000000000000000A003 /* MTAvail.h */ = {isa = PBXFileReference; lastKnownFileType = sourcecode.c.h; path = MTAvail.h; sourceTree = "<group>"; };
		CD100010000000000000A003 /* MTAvail.m */ = {isa = PBXFileReference; lastKnownFileType = sourcecode.c.objc; path = MTAvail.m; sourceTree = "<group>"; };
		CD100000000000000000A004 /* MTNonLinearAvail.h */ = {isa = PBXFileReference; lastKnownFileType = sourcecode.c.h; path = MTNonLinearAvail.h; sourceTree = "<group>"; };
		CD100010000000000000A004 /* MTNonLinearAvail.m */ = {isa = PBXFileReference; lastKnownFileType = sourcecode.c.objc; path = MTNonLinearAvail.m; sourceTree = "<group>"; };
		CD100000000000000000A005 /* MTTrackingResponse.h */ = {isa = PBXFileReference; lastKnownFileType = sourcecode.c.h; path = MTTrackingResponse.h; sourceTree = "<group>"; };
		CD100010000000000000A005 /* MTTrackingResponse.m */ = {isa = PBXFileReference; lastKnownFileType = sourcecode.c.objc; path = MTTrackingResponse.m; sourceTree = "<group>"; };
		CD100000000000000000A006 /* MTAdPod.h */ = {isa = PBXFileReference; lastKnownFileType = sourcecode.c.h; path = MTAdPod.h; sourceTree = "<group>"; };
		CD100010000000000000A006 /* MTAdPod.m */ = {isa = PBXFileReference; lastKnownFileType = sourcecode.c.objc; path = MTAdPod.m; sourceTree = "<group>"; };
		CD100000000000000000A007 /* MTAdBreak.h */ = {isa = PBXFileReference; lastKnownFileType = sourcecode.c.h; path = MTAdBreak.h; sourceTree = "<group>"; };
		CD100010000000000000A007 /* MTAdBreak.m */ = {isa = PBXFileReference; lastKnownFileType = sourcecode.c.objc; path = MTAdBreak.m; sourceTree = "<group>"; };
		CD200000000000000000A000 /* MTTrackingResponseDecodeTests.m */ = {isa = PBXFileReference; lastKnownFileType = sourcecode.c.objc; path = MTTrackingResponseDecodeTests.m; sourceTree = "<group>"; };
		CD200000000000000000A001 /* MTAdDecodeTests.m */ = {isa = PBXFileReference; lastKnownFileType = sourcecode.c.objc; path = MTAdDecodeTests.m; sourceTree = "<group>"; };
		CD200010000000000000A000 /* tracking_full.json */ = {isa = PBXFileReference; lastKnownFileType = text.json; path = tracking_full.json; sourceTree = "<group>"; };
		CD200010000000000000A001 /* tracking_empty_ads.json */ = {isa = PBXFileReference; lastKnownFileType = text.json; path = tracking_empty_ads.json; sourceTree = "<group>"; };
		CD200010000000000000A002 /* tracking_with_nexttoken.json */ = {isa = PBXFileReference; lastKnownFileType = text.json; path = tracking_with_nexttoken.json; sourceTree = "<group>"; };
		CD200010000000000000A003 /* tracking_missing_creativeId.json */ = {isa = PBXFileReference; lastKnownFileType = text.json; path = tracking_missing_creativeId.json; sourceTree = "<group>"; };
		CD200010000000000000A004 /* tracking_live.json */ = {isa = PBXFileReference; lastKnownFileType = text.json; path = tracking_live.json; sourceTree = "<group>"; };
		EE100000000000000000A000 /* MTHlsParser.h */ = {isa = PBXFileReference; lastKnownFileType = sourcecode.c.h; path = MTHlsParser.h; sourceTree = "<group>"; };
		EE100010000000000000A000 /* MTHlsParser.m */ = {isa = PBXFileReference; lastKnownFileType = sourcecode.c.objc; path = MTHlsParser.m; sourceTree = "<group>"; };
		EE100000000000000000A001 /* MTManifestParseResult.h */ = {isa = PBXFileReference; lastKnownFileType = sourcecode.c.h; path = MTManifestParseResult.h; sourceTree = "<group>"; };
		EE100010000000000000A001 /* MTManifestParseResult.m */ = {isa = PBXFileReference; lastKnownFileType = sourcecode.c.objc; path = MTManifestParseResult.m; sourceTree = "<group>"; };
		EE200000000000000000A000 /* MTHlsParserTests.m */ = {isa = PBXFileReference; lastKnownFileType = sourcecode.c.objc; path = MTHlsParserTests.m; sourceTree = "<group>"; };
		EE200010000000000000A000 /* mediatailor_vod_with_daterange.m3u8 */ = {isa = PBXFileReference; lastKnownFileType = text; path = mediatailor_vod_with_daterange.m3u8; sourceTree = "<group>"; };
		EE200010000000000000A001 /* mediatailor_vod_segment_markers_only.m3u8 */ = {isa = PBXFileReference; lastKnownFileType = text; path = mediatailor_vod_segment_markers_only.m3u8; sourceTree = "<group>"; };
		EE200010000000000000A002 /* mediatailor_live_sliding_window.m3u8 */ = {isa = PBXFileReference; lastKnownFileType = text; path = mediatailor_live_sliding_window.m3u8; sourceTree = "<group>"; };
		EE200010000000000000A003 /* mediatailor_empty_avail.m3u8 */ = {isa = PBXFileReference; lastKnownFileType = text; path = mediatailor_empty_avail.m3u8; sourceTree = "<group>"; };
		EE200010000000000000A004 /* mediatailor_oversize_pod.m3u8 */ = {isa = PBXFileReference; lastKnownFileType = text; path = mediatailor_oversize_pod.m3u8; sourceTree = "<group>"; };
		CE300000000000000000A000 /* MTTrackingClient.h */ = {isa = PBXFileReference; lastKnownFileType = sourcecode.c.h; path = MTTrackingClient.h; sourceTree = "<group>"; };
		CE300010000000000000A000 /* MTTrackingClient.m */ = {isa = PBXFileReference; lastKnownFileType = sourcecode.c.objc; path = MTTrackingClient.m; sourceTree = "<group>"; };
		CE300000000000000000A001 /* MTTrackingError.h */ = {isa = PBXFileReference; lastKnownFileType = sourcecode.c.h; path = MTTrackingError.h; sourceTree = "<group>"; };
		CE300010000000000000A001 /* MTTrackingError.m */ = {isa = PBXFileReference; lastKnownFileType = sourcecode.c.objc; path = MTTrackingError.m; sourceTree = "<group>"; };
		CE300000000000000000A100 /* MTTrackingClientTests.m */ = {isa = PBXFileReference; lastKnownFileType = sourcecode.c.objc; path = MTTrackingClientTests.m; sourceTree = "<group>"; };
		FA100000000000000000A000 /* MTManifestParser.h */ = {isa = PBXFileReference; lastKnownFileType = sourcecode.c.h; path = MTManifestParser.h; sourceTree = "<group>"; };
		FA100000000000000000A001 /* MTDashParser.h */ = {isa = PBXFileReference; lastKnownFileType = sourcecode.c.h; path = MTDashParser.h; sourceTree = "<group>"; };
		FA100010000000000000A001 /* MTDashParser.m */ = {isa = PBXFileReference; lastKnownFileType = sourcecode.c.objc; path = MTDashParser.m; sourceTree = "<group>"; };
		FA200000000000000000A000 /* MTManifestParserSeamTests.m */ = {isa = PBXFileReference; lastKnownFileType = sourcecode.c.objc; path = MTManifestParserSeamTests.m; sourceTree = "<group>"; };
		DB100000000000000000A000 /* MergedSchedule.h */ = {isa = PBXFileReference; lastKnownFileType = sourcecode.c.h; path = MergedSchedule.h; sourceTree = "<group>"; };
		DB100010000000000000A000 /* MergedSchedule.m */ = {isa = PBXFileReference; lastKnownFileType = sourcecode.c.objc; path = MergedSchedule.m; sourceTree = "<group>"; };
		DB100000000000000000A001 /* MTAdScheduleMerger.h */ = {isa = PBXFileReference; lastKnownFileType = sourcecode.c.h; path = MTAdScheduleMerger.h; sourceTree = "<group>"; };
		DB100010000000000000A001 /* MTAdScheduleMerger.m */ = {isa = PBXFileReference; lastKnownFileType = sourcecode.c.objc; path = MTAdScheduleMerger.m; sourceTree = "<group>"; };
		DB200000000000000000A000 /* MTAdScheduleMergerTests.m */ = {isa = PBXFileReference; lastKnownFileType = sourcecode.c.objc; path = MTAdScheduleMergerTests.m; sourceTree = "<group>"; };
		C70000000000000000A000 /* MTAdState.h */ = {isa = PBXFileReference; lastKnownFileType = sourcecode.c.h; path = MTAdState.h; sourceTree = "<group>"; };
		C70000000000000000A001 /* MTPlayheadStateMachine.h */ = {isa = PBXFileReference; lastKnownFileType = sourcecode.c.h; path = MTPlayheadStateMachine.h; sourceTree = "<group>"; };
		C70010000000000000A001 /* MTPlayheadStateMachine.m */ = {isa = PBXFileReference; lastKnownFileType = sourcecode.c.objc; path = MTPlayheadStateMachine.m; sourceTree = "<group>"; };
		C71000000000000000A000 /* MTPlayheadStateMachineTests.m */ = {isa = PBXFileReference; lastKnownFileType = sourcecode.c.objc; path = MTPlayheadStateMachineTests.m; sourceTree = "<group>"; };
		D80000000000000000A000 /* NRTrackerMediaTailorEventTests.m */ = {isa = PBXFileReference; lastKnownFileType = sourcecode.c.objc; path = NRTrackerMediaTailorEventTests.m; sourceTree = "<group>"; };
		D80000000000000000A001 /* NRTrackerMediaTailorLifecycleTests.m */ = {isa = PBXFileReference; lastKnownFileType = sourcecode.c.objc; path = NRTrackerMediaTailorLifecycleTests.m; sourceTree = "<group>"; };
/* End PBXFileReference section */

/* Begin PBXFrameworksBuildPhase section */
		9CA000FB25A4965F00000001 /* Frameworks */ = {
			isa = PBXFrameworksBuildPhase;
			buildActionMask = 2147483647;
			files = (
				9CA0011A25A4965F00000001 /* NewRelicVideoCore.framework in Frameworks */,
			);
			runOnlyForDeploymentPostprocessing = 0;
		};
		9CA0011425A4965F00000001 /* Frameworks */ = {
			isa = PBXFrameworksBuildPhase;
			buildActionMask = 2147483647;
			files = (
			);
			runOnlyForDeploymentPostprocessing = 0;
		};
		AB100030000000000000A000 /* Frameworks */ = {
			isa = PBXFrameworksBuildPhase;
			buildActionMask = 2147483647;
			files = (
				AB100006000000000000A000 /* NRMediaTailorTracker.framework in Frameworks */,
			);
			runOnlyForDeploymentPostprocessing = 0;
		};
/* End PBXFrameworksBuildPhase section */

/* Begin PBXGroup section */
		9CA000F425A4965F00000001 = {
			isa = PBXGroup;
			children = (
				9CA0010825A4965F00000001 /* PrivacyInfo.xcprivacy */,
				9CA0011925A4965F00000001 /* NewRelicVideoCore.framework */,
				9CA0010F25A4965F00000001 /* NRMediaTailorTracker */,
				AB100040000000000000A000 /* NRMediaTailorTrackerTests */,
				9CA000FF25A4965F00000001 /* Products */,
			);
			sourceTree = "<group>";
		};
		9CA000FF25A4965F00000001 /* Products */ = {
			isa = PBXGroup;
			children = (
				9CA000FE25A4965F00000001 /* NRMediaTailorTracker.framework */,
				9CA0011625A4965F00000001 /* NRMediaTailorTracker.framework */,
				AB100000000000000000A004 /* NRMediaTailorTrackerTests.xctest */,
			);
			name = Products;
			sourceTree = "<group>";
		};
		9CA0010F25A4965F00000001 /* NRMediaTailorTracker */ = {
			isa = PBXGroup;
			children = (
				9CA0011025A4965F00000001 /* Tracker */,
				AB100041000000000000A000 /* Detection */,
				CD100040000000000000A000 /* Model */,
				EE100040000000000000A000 /* Parser */,
				CE300040000000000000A000 /* Net */,
				9CA0010025A4965F00000001 /* NRMediaTailorTracker.h */,
				9CA0010C25A4965F00000001 /* Info.plist */,
							DB100040000000000000A000 /* Scheduler */,
				C70040000000000000A000 /* StateMachine */,
			);
			path = NRMediaTailorTracker;
			sourceTree = "<group>";
		};
		9CA0011025A4965F00000001 /* Tracker */ = {
			isa = PBXGroup;
			children = (
				9CA0010A25A4965F00000001 /* NRTrackerMediaTailor.h */,
				9CA0010B25A4965F00000001 /* NRTrackerMediaTailor.m */,
			);
			path = Tracker;
			sourceTree = "<group>";
		};
		AB100040000000000000A000 /* NRMediaTailorTrackerTests */ = {
			isa = PBXGroup;
			children = (
				CD200040000000000000A000 /* Model */,
				EE200040000000000000A000 /* Parser */,
				CE300041000000000000A000 /* Net */,
				CD200041000000000000A000 /* Fixtures */,
				AB100000000000000000A002 /* MTDetectorTests.m */,
				AB100000000000000000A003 /* Info.plist */,
							DB200040000000000000A000 /* Scheduler */,
				C71040000000000000A000 /* StateMachine */,
				D80000000000000000A000 /* NRTrackerMediaTailorEventTests.m */,
				D80000000000000000A001 /* NRTrackerMediaTailorLifecycleTests.m */,
			);
			path = NRMediaTailorTrackerTests;
			sourceTree = "<group>";
		};
		AB100041000000000000A000 /* Detection */ = {
			isa = PBXGroup;
			children = (
				AB100000000000000000A000 /* MTDetector.h */,
				AB100000000000000000A001 /* MTDetector.m */,
			);
			path = Detection;
			sourceTree = "<group>";
		};
		CD100040000000000000A000 /* Model */ = {
			isa = PBXGroup;
			children = (
				CD100000000000000000A000 /* MTAdErrorCode.h */,
				CD100010000000000000A000 /* MTAdErrorCode.m */,
				CD100000000000000000A001 /* MTTrackingEvent.h */,
				CD100010000000000000A001 /* MTTrackingEvent.m */,
				CD100000000000000000A002 /* MTAd.h */,
				CD100010000000000000A002 /* MTAd.m */,
				CD100000000000000000A003 /* MTAvail.h */,
				CD100010000000000000A003 /* MTAvail.m */,
				CD100000000000000000A004 /* MTNonLinearAvail.h */,
				CD100010000000000000A004 /* MTNonLinearAvail.m */,
				CD100000000000000000A005 /* MTTrackingResponse.h */,
				CD100010000000000000A005 /* MTTrackingResponse.m */,
				CD100000000000000000A006 /* MTAdPod.h */,
				CD100010000000000000A006 /* MTAdPod.m */,
				CD100000000000000000A007 /* MTAdBreak.h */,
				CD100010000000000000A007 /* MTAdBreak.m */,
			);
			path = Model;
			sourceTree = "<group>";
		};
		CD200040000000000000A000 /* Model */ = {
			isa = PBXGroup;
			children = (
				CD200000000000000000A000 /* MTTrackingResponseDecodeTests.m */,
				CD200000000000000000A001 /* MTAdDecodeTests.m */,
			);
			path = Model;
			sourceTree = "<group>";
		};
		CD200041000000000000A000 /* Fixtures */ = {
			isa = PBXGroup;
			children = (
				EE200041000000000000A000 /* HLS */,
				CD200010000000000000A000 /* tracking_full.json */,
				CD200010000000000000A001 /* tracking_empty_ads.json */,
				CD200010000000000000A002 /* tracking_with_nexttoken.json */,
				CD200010000000000000A003 /* tracking_missing_creativeId.json */,
				CD200010000000000000A004 /* tracking_live.json */,
			);
			path = Fixtures;
			sourceTree = "<group>";
		};
		EE100040000000000000A000 /* Parser */ = {
			isa = PBXGroup;
			children = (
				EE100000000000000000A001 /* MTManifestParseResult.h */,
				EE100010000000000000A001 /* MTManifestParseResult.m */,
				EE100000000000000000A000 /* MTHlsParser.h */,
				EE100010000000000000A000 /* MTHlsParser.m */,
				FA100000000000000000A000 /* MTManifestParser.h */,
				FA100000000000000000A001 /* MTDashParser.h */,
				FA100010000000000000A001 /* MTDashParser.m */,
			);
			path = Parser;
			sourceTree = "<group>";
		};
		EE200040000000000000A000 /* Parser */ = {
			isa = PBXGroup;
			children = (
				EE200000000000000000A000 /* MTHlsParserTests.m */,
				FA200000000000000000A000 /* MTManifestParserSeamTests.m */,
			);
			path = Parser;
			sourceTree = "<group>";
		};
		EE200041000000000000A000 /* HLS */ = {
			isa = PBXGroup;
			children = (
				EE200010000000000000A000 /* mediatailor_vod_with_daterange.m3u8 */,
				EE200010000000000000A001 /* mediatailor_vod_segment_markers_only.m3u8 */,
				EE200010000000000000A002 /* mediatailor_live_sliding_window.m3u8 */,
				EE200010000000000000A003 /* mediatailor_empty_avail.m3u8 */,
				EE200010000000000000A004 /* mediatailor_oversize_pod.m3u8 */,
			);
			path = HLS;
			sourceTree = "<group>";
		};
		CE300040000000000000A000 /* Net */ = {
			isa = PBXGroup;
			children = (
				CE300000000000000000A000 /* MTTrackingClient.h */,
				CE300010000000000000A000 /* MTTrackingClient.m */,
				CE300000000000000000A001 /* MTTrackingError.h */,
				CE300010000000000000A001 /* MTTrackingError.m */,
			);
			path = Net;
			sourceTree = "<group>";
		};
		CE300041000000000000A000 /* Net */ = {
			isa = PBXGroup;
			children = (
				CE300000000000000000A100 /* MTTrackingClientTests.m */,
			);
			path = Net;
			sourceTree = "<group>";
		};
		DB100040000000000000A000 /* Scheduler */ = {
			isa = PBXGroup;
			children = (
				DB100000000000000000A000 /* MergedSchedule.h */,
				DB100010000000000000A000 /* MergedSchedule.m */,
				DB100000000000000000A001 /* MTAdScheduleMerger.h */,
				DB100010000000000000A001 /* MTAdScheduleMerger.m */,
			);
			path = Scheduler;
			sourceTree = "<group>";
		};
		DB200040000000000000A000 /* Scheduler */ = {
			isa = PBXGroup;
			children = (
				DB200000000000000000A000 /* MTAdScheduleMergerTests.m */,
			);
			path = Scheduler;
			sourceTree = "<group>";
		};
		C70040000000000000A000 /* StateMachine */ = {
			isa = PBXGroup;
			children = (
				C70000000000000000A000 /* MTAdState.h */,
				C70000000000000000A001 /* MTPlayheadStateMachine.h */,
				C70010000000000000A001 /* MTPlayheadStateMachine.m */,
			);
			path = StateMachine;
			sourceTree = "<group>";
		};
		C71040000000000000A000 /* StateMachine */ = {
			isa = PBXGroup;
			children = (
				C71000000000000000A000 /* MTPlayheadStateMachineTests.m */,
			);
			path = StateMachine;
			sourceTree = "<group>";
		};
/* End PBXGroup section */

/* Begin PBXHeadersBuildPhase section */
		9CA000F925A4965F00000001 /* Headers */ = {
			isa = PBXHeadersBuildPhase;
			buildActionMask = 2147483647;
			files = (
				9CA0010125A4965F00000001 /* NRMediaTailorTracker.h in Headers */,
				DB100001000000000000A000 /* MergedSchedule.h in Headers */,
				DB100001000000000000A001 /* MTAdScheduleMerger.h in Headers */,
				9CA0010325A4965F00000001 /* NRTrackerMediaTailor.h in Headers */,
				AB100001000000000000A000 /* MTDetector.h in Headers */,
				CD100001000000000000A000 /* MTAdErrorCode.h in Headers */,
				CD100001000000000000A001 /* MTTrackingEvent.h in Headers */,
				CD100001000000000000A002 /* MTAd.h in Headers */,
				CD100001000000000000A003 /* MTAvail.h in Headers */,
				CD100001000000000000A004 /* MTNonLinearAvail.h in Headers */,
				CD100001000000000000A005 /* MTTrackingResponse.h in Headers */,
				CD100001000000000000A006 /* MTAdPod.h in Headers */,
				CD100001000000000000A007 /* MTAdBreak.h in Headers */,
				EE100001000000000000A000 /* MTHlsParser.h in Headers */,
				EE100001000000000000A001 /* MTManifestParseResult.h in Headers */,
				CE300001000000000000A000 /* MTTrackingClient.h in Headers */,
				CE300001000000000000A001 /* MTTrackingError.h in Headers */,
				FA100001000000000000A000 /* MTManifestParser.h in Headers */,
				FA100001000000000000A001 /* MTDashParser.h in Headers */,
				C70001000000000000A000 /* MTAdState.h in Headers */,
				C70001000000000000A001 /* MTPlayheadStateMachine.h in Headers */,
			);
			runOnlyForDeploymentPostprocessing = 0;
		};
		9CA0011225A4965F00000001 /* Headers */ = {
			isa = PBXHeadersBuildPhase;
			buildActionMask = 2147483647;
			files = (
				9CA0010225A4965F00000001 /* NRMediaTailorTracker.h in Headers */,
				DB100002000000000000A000 /* MergedSchedule.h in Headers */,
				DB100002000000000000A001 /* MTAdScheduleMerger.h in Headers */,
				9CA0010425A4965F00000001 /* NRTrackerMediaTailor.h in Headers */,
				AB100002000000000000A000 /* MTDetector.h in Headers */,
				CD100002000000000000A000 /* MTAdErrorCode.h in Headers */,
				CD100002000000000000A001 /* MTTrackingEvent.h in Headers */,
				CD100002000000000000A002 /* MTAd.h in Headers */,
				CD100002000000000000A003 /* MTAvail.h in Headers */,
				CD100002000000000000A004 /* MTNonLinearAvail.h in Headers */,
				CD100002000000000000A005 /* MTTrackingResponse.h in Headers */,
				CD100002000000000000A006 /* MTAdPod.h in Headers */,
				CD100002000000000000A007 /* MTAdBreak.h in Headers */,
				EE100002000000000000A000 /* MTHlsParser.h in Headers */,
				EE100002000000000000A001 /* MTManifestParseResult.h in Headers */,
				CE300002000000000000A000 /* MTTrackingClient.h in Headers */,
				CE300002000000000000A001 /* MTTrackingError.h in Headers */,
				FA100002000000000000A000 /* MTManifestParser.h in Headers */,
				FA100002000000000000A001 /* MTDashParser.h in Headers */,
				C70002000000000000A000 /* MTAdState.h in Headers */,
				C70002000000000000A001 /* MTPlayheadStateMachine.h in Headers */,
			);
			runOnlyForDeploymentPostprocessing = 0;
		};
/* End PBXHeadersBuildPhase section */

/* Begin PBXNativeTarget section */
		9CA000FD25A4965F00000001 /* NRMediaTailorTracker-iOS */ = {
			isa = PBXNativeTarget;
			buildConfigurationList = 9CA0011D25A4965F00000001 /* Build configuration list for PBXNativeTarget "NRMediaTailorTracker-iOS" */;
			buildPhases = (
				9CA000F925A4965F00000001 /* Headers */,
				9CA000FA25A4965F00000001 /* Sources */,
				9CA000FB25A4965F00000001 /* Frameworks */,
				9CA000FC25A4965F00000001 /* Resources */,
			);
			buildRules = (
			);
			dependencies = (
			);
			name = "NRMediaTailorTracker-iOS";
			productName = NRMediaTailorTracker;
			productReference = 9CA000FE25A4965F00000001 /* NRMediaTailorTracker.framework */;
			productType = "com.apple.product-type.framework";
		};
		9CA0011525A4965F00000001 /* NRMediaTailorTracker-tvOS */ = {
			isa = PBXNativeTarget;
			buildConfigurationList = 9CA0012025A4965F00000001 /* Build configuration list for PBXNativeTarget "NRMediaTailorTracker-tvOS" */;
			buildPhases = (
				9CA0011225A4965F00000001 /* Headers */,
				9CA0011325A4965F00000001 /* Sources */,
				9CA0011425A4965F00000001 /* Frameworks */,
				9CA0011725A4965F00000001 /* Resources */,
			);
			buildRules = (
			);
			dependencies = (
			);
			name = "NRMediaTailorTracker-tvOS";
			productName = NRMediaTailorTracker;
			productReference = 9CA0011625A4965F00000001 /* NRMediaTailorTracker.framework */;
			productType = "com.apple.product-type.framework";
		};
		AB100050000000000000A000 /* NRMediaTailorTrackerTests */ = {
			isa = PBXNativeTarget;
			buildConfigurationList = AB100070000000000000A000 /* Build configuration list for PBXNativeTarget "NRMediaTailorTrackerTests" */;
			buildPhases = (
				AB100031000000000000A000 /* Sources */,
				AB100030000000000000A000 /* Frameworks */,
				AB100032000000000000A000 /* Resources */,
				AB100033000000000000A000 /* Embed Frameworks */,
			);
			buildRules = (
			);
			dependencies = (
				AB100051000000000000A000 /* PBXTargetDependency */,
			);
			name = NRMediaTailorTrackerTests;
			productName = NRMediaTailorTrackerTests;
			productReference = AB100000000000000000A004 /* NRMediaTailorTrackerTests.xctest */;
			productType = "com.apple.product-type.bundle.unit-test";
		};
/* End PBXNativeTarget section */

/* Begin PBXProject section */
		9CA000F525A4965F00000001 /* Project object */ = {
			isa = PBXProject;
			attributes = {
				LastUpgradeCheck = 1210;
				TargetAttributes = {
					9CA000FD25A4965F00000001 = {
						CreatedOnToolsVersion = 12.1;
					};
					9CA0011525A4965F00000001 = {
						CreatedOnToolsVersion = 12.1;
					};
					AB100050000000000000A000 = {
						CreatedOnToolsVersion = 12.1;
						TestTargetID = 9CA000FD25A4965F00000001;
					};
				};
			};
			buildConfigurationList = 9CA000F825A4965F00000001 /* Build configuration list for PBXProject "NRMediaTailorTracker" */;
			compatibilityVersion = "Xcode 9.3";
			developmentRegion = en;
			hasScannedForEncodings = 0;
			knownRegions = (
				en,
				Base,
			);
			mainGroup = 9CA000F425A4965F00000001;
			productRefGroup = 9CA000FF25A4965F00000001 /* Products */;
			projectDirPath = "";
			projectRoot = "";
			targets = (
				9CA000FD25A4965F00000001 /* NRMediaTailorTracker-iOS */,
				9CA0011525A4965F00000001 /* NRMediaTailorTracker-tvOS */,
				AB100050000000000000A000 /* NRMediaTailorTrackerTests */,
			);
		};
/* End PBXProject section */

/* Begin PBXResourcesBuildPhase section */
		9CA000FC25A4965F00000001 /* Resources */ = {
			isa = PBXResourcesBuildPhase;
			buildActionMask = 2147483647;
			files = (
				9CA0010725A4965F00000001 /* PrivacyInfo.xcprivacy in Resources */,
			);
			runOnlyForDeploymentPostprocessing = 0;
		};
		9CA0011725A4965F00000001 /* Resources */ = {
			isa = PBXResourcesBuildPhase;
			buildActionMask = 2147483647;
			files = (
				9CA0010925A4965F00000001 /* PrivacyInfo.xcprivacy in Resources */,
			);
			runOnlyForDeploymentPostprocessing = 0;
		};
		AB100032000000000000A000 /* Resources */ = {
			isa = PBXResourcesBuildPhase;
			buildActionMask = 2147483647;
			files = (
				CD200002000000000000A000 /* tracking_full.json in Resources */,
				CD200002000000000000A001 /* tracking_empty_ads.json in Resources */,
				CD200002000000000000A002 /* tracking_with_nexttoken.json in Resources */,
				CD200002000000000000A003 /* tracking_missing_creativeId.json in Resources */,
				CD200002000000000000A004 /* tracking_live.json in Resources */,
				EE200002000000000000A000 /* mediatailor_vod_with_daterange.m3u8 in Resources */,
				EE200002000000000000A001 /* mediatailor_vod_segment_markers_only.m3u8 in Resources */,
				EE200002000000000000A002 /* mediatailor_live_sliding_window.m3u8 in Resources */,
				EE200002000000000000A003 /* mediatailor_empty_avail.m3u8 in Resources */,
				EE200002000000000000A004 /* mediatailor_oversize_pod.m3u8 in Resources */,
			);
			runOnlyForDeploymentPostprocessing = 0;
		};
/* End PBXResourcesBuildPhase section */

/* Begin PBXSourcesBuildPhase section */
		9CA000FA25A4965F00000001 /* Sources */ = {
			isa = PBXSourcesBuildPhase;
			buildActionMask = 2147483647;
			files = (
				9CA0010525A4965F00000001 /* NRTrackerMediaTailor.m in Sources */,
				DB100003000000000000A000 /* MergedSchedule.m in Sources */,
				DB100003000000000000A001 /* MTAdScheduleMerger.m in Sources */,
				AB100003000000000000A000 /* MTDetector.m in Sources */,
				CD100003000000000000A000 /* MTAdErrorCode.m in Sources */,
				CD100003000000000000A001 /* MTTrackingEvent.m in Sources */,
				CD100003000000000000A002 /* MTAd.m in Sources */,
				CD100003000000000000A003 /* MTAvail.m in Sources */,
				CD100003000000000000A004 /* MTNonLinearAvail.m in Sources */,
				CD100003000000000000A005 /* MTTrackingResponse.m in Sources */,
				CD100003000000000000A006 /* MTAdPod.m in Sources */,
				CD100003000000000000A007 /* MTAdBreak.m in Sources */,
				EE100003000000000000A000 /* MTHlsParser.m in Sources */,
				EE100003000000000000A001 /* MTManifestParseResult.m in Sources */,
				CE300003000000000000A000 /* MTTrackingClient.m in Sources */,
				CE300003000000000000A001 /* MTTrackingError.m in Sources */,
				FA100003000000000000A001 /* MTDashParser.m in Sources */,
				C70003000000000000A001 /* MTPlayheadStateMachine.m in Sources */,
			);
			runOnlyForDeploymentPostprocessing = 0;
		};
		9CA0011325A4965F00000001 /* Sources */ = {
			isa = PBXSourcesBuildPhase;
			buildActionMask = 2147483647;
			files = (
				9CA0010625A4965F00000001 /* NRTrackerMediaTailor.m in Sources */,
				DB100004000000000000A000 /* MergedSchedule.m in Sources */,
				DB100004000000000000A001 /* MTAdScheduleMerger.m in Sources */,
				AB100004000000000000A000 /* MTDetector.m in Sources */,
				CD100004000000000000A000 /* MTAdErrorCode.m in Sources */,
				CD100004000000000000A001 /* MTTrackingEvent.m in Sources */,
				CD100004000000000000A002 /* MTAd.m in Sources */,
				CD100004000000000000A003 /* MTAvail.m in Sources */,
				CD100004000000000000A004 /* MTNonLinearAvail.m in Sources */,
				CD100004000000000000A005 /* MTTrackingResponse.m in Sources */,
				CD100004000000000000A006 /* MTAdPod.m in Sources */,
				CD100004000000000000A007 /* MTAdBreak.m in Sources */,
				EE100004000000000000A000 /* MTHlsParser.m in Sources */,
				EE100004000000000000A001 /* MTManifestParseResult.m in Sources */,
				CE300004000000000000A000 /* MTTrackingClient.m in Sources */,
				CE300004000000000000A001 /* MTTrackingError.m in Sources */,
				FA100004000000000000A001 /* MTDashParser.m in Sources */,
				C70004000000000000A001 /* MTPlayheadStateMachine.m in Sources */,
			);
			runOnlyForDeploymentPostprocessing = 0;
		};
		AB100031000000000000A000 /* Sources */ = {
			isa = PBXSourcesBuildPhase;
			buildActionMask = 2147483647;
			files = (
				AB100005000000000000A000 /* MTDetectorTests.m in Sources */,
				DB200001000000000000A000 /* MTAdScheduleMergerTests.m in Sources */,
				CD200001000000000000A000 /* MTTrackingResponseDecodeTests.m in Sources */,
				CD200001000000000000A001 /* MTAdDecodeTests.m in Sources */,
				EE200001000000000000A000 /* MTHlsParserTests.m in Sources */,
				FA200001000000000000A000 /* MTManifestParserSeamTests.m in Sources */,
				CE300005000000000000A100 /* MTTrackingClientTests.m in Sources */,
				C71001000000000000A000 /* MTPlayheadStateMachineTests.m in Sources */,
				D80001000000000000A000 /* NRTrackerMediaTailorEventTests.m in Sources */,
				D80001000000000000A001 /* NRTrackerMediaTailorLifecycleTests.m in Sources */,
			);
			runOnlyForDeploymentPostprocessing = 0;
		};
/* End PBXSourcesBuildPhase section */

/* Begin PBXTargetDependency section */
		AB100051000000000000A000 /* PBXTargetDependency */ = {
			isa = PBXTargetDependency;
			target = 9CA000FD25A4965F00000001 /* NRMediaTailorTracker-iOS */;
			targetProxy = AB100020000000000000A000 /* PBXContainerItemProxy */;
		};
/* End PBXTargetDependency section */

/* Begin XCBuildConfiguration section */
		9CA0011B25A4965F00000001 /* Debug */ = {
			isa = XCBuildConfiguration;
			buildSettings = {
				ALWAYS_SEARCH_USER_PATHS = NO;
				CLANG_ANALYZER_NONNULL = YES;
				CLANG_ANALYZER_NUMBER_OBJECT_CONVERSION = YES_AGGRESSIVE;
				CLANG_CXX_LANGUAGE_STANDARD = "gnu++14";
				CLANG_CXX_LIBRARY = "libc++";
				CLANG_ENABLE_MODULES = YES;
				CLANG_ENABLE_OBJC_ARC = YES;
				CLANG_ENABLE_OBJC_WEAK = YES;
				CLANG_WARN_BLOCK_CAPTURE_AUTORELEASING = YES;
				CLANG_WARN_BOOL_CONVERSION = YES;
				CLANG_WARN_COMMA = YES;
				CLANG_WARN_CONSTANT_CONVERSION = YES;
				CLANG_WARN_DEPRECATED_OBJC_IMPLEMENTATIONS = YES;
				CLANG_WARN_DIRECT_OBJC_ISA_USAGE = YES_ERROR;
				CLANG_WARN_DOCUMENTATION_COMMENTS = YES;
				CLANG_WARN_EMPTY_BODY = YES;
				CLANG_WARN_ENUM_CONVERSION = YES;
				CLANG_WARN_INFINITE_RECURSION = YES;
				CLANG_WARN_INT_CONVERSION = YES;
				CLANG_WARN_NON_LITERAL_NULL_CONVERSION = YES;
				CLANG_WARN_OBJC_IMPLICIT_RETAIN_SELF = YES;
				CLANG_WARN_OBJC_LITERAL_CONVERSION = YES;
				CLANG_WARN_OBJC_ROOT_CLASS = YES_ERROR;
				CLANG_WARN_QUOTED_INCLUDE_IN_FRAMEWORK_HEADER = YES;
				CLANG_WARN_RANGE_LOOP_ANALYSIS = YES;
				CLANG_WARN_STRICT_PROTOTYPES = YES;
				CLANG_WARN_SUSPICIOUS_MOVE = YES;
				CLANG_WARN_UNGUARDED_AVAILABILITY = YES_AGGRESSIVE;
				CLANG_WARN_UNREACHABLE_CODE = YES;
				CLANG_WARN__DUPLICATE_METHOD_MATCH = YES;
				COPY_PHASE_STRIP = NO;
				CURRENT_PROJECT_VERSION = 1;
				DEBUG_INFORMATION_FORMAT = dwarf;
				ENABLE_STRICT_OBJC_MSGSEND = YES;
				ENABLE_TESTABILITY = YES;
				GCC_C_LANGUAGE_STANDARD = gnu11;
				GCC_DYNAMIC_NO_PIC = NO;
				GCC_NO_COMMON_BLOCKS = YES;
				GCC_OPTIMIZATION_LEVEL = 0;
				GCC_PREPROCESSOR_DEFINITIONS = (
					"DEBUG=1",
					"$(inherited)",
				);
				GCC_WARN_64_TO_32_BIT_CONVERSION = YES;
				GCC_WARN_ABOUT_RETURN_TYPE = YES_ERROR;
				GCC_WARN_UNDECLARED_SELECTOR = YES;
				GCC_WARN_UNINITIALIZED_AUTOS = YES_AGGRESSIVE;
				GCC_WARN_UNUSED_FUNCTION = YES;
				GCC_WARN_UNUSED_VARIABLE = YES;
				IPHONEOS_DEPLOYMENT_TARGET = 12.0;
				MTL_ENABLE_DEBUG_INFO = INCLUDE_SOURCE;
				MTL_FAST_MATH = YES;
				ONLY_ACTIVE_ARCH = YES;
				SDKROOT = iphoneos;
				TVOS_DEPLOYMENT_TARGET = 12.0;
				VERSIONING_SYSTEM = "apple-generic";
				VERSION_INFO_PREFIX = "";
			};
			name = Debug;
		};
		9CA0011C25A4965F00000001 /* Release */ = {
			isa = XCBuildConfiguration;
			buildSettings = {
				ALWAYS_SEARCH_USER_PATHS = NO;
				CLANG_ANALYZER_NONNULL = YES;
				CLANG_ANALYZER_NUMBER_OBJECT_CONVERSION = YES_AGGRESSIVE;
				CLANG_CXX_LANGUAGE_STANDARD = "gnu++14";
				CLANG_CXX_LIBRARY = "libc++";
				CLANG_ENABLE_MODULES = YES;
				CLANG_ENABLE_OBJC_ARC = YES;
				CLANG_ENABLE_OBJC_WEAK = YES;
				CLANG_WARN_BLOCK_CAPTURE_AUTORELEASING = YES;
				CLANG_WARN_BOOL_CONVERSION = YES;
				CLANG_WARN_COMMA = YES;
				CLANG_WARN_CONSTANT_CONVERSION = YES;
				CLANG_WARN_DEPRECATED_OBJC_IMPLEMENTATIONS = YES;
				CLANG_WARN_DIRECT_OBJC_ISA_USAGE = YES_ERROR;
				CLANG_WARN_DOCUMENTATION_COMMENTS = YES;
				CLANG_WARN_EMPTY_BODY = YES;
				CLANG_WARN_ENUM_CONVERSION = YES;
				CLANG_WARN_INFINITE_RECURSION = YES;
				CLANG_WARN_INT_CONVERSION = YES;
				CLANG_WARN_NON_LITERAL_NULL_CONVERSION = YES;
				CLANG_WARN_OBJC_IMPLICIT_RETAIN_SELF = YES;
				CLANG_WARN_OBJC_LITERAL_CONVERSION = YES;
				CLANG_WARN_OBJC_ROOT_CLASS = YES_ERROR;
				CLANG_WARN_QUOTED_INCLUDE_IN_FRAMEWORK_HEADER = YES;
				CLANG_WARN_RANGE_LOOP_ANALYSIS = YES;
				CLANG_WARN_STRICT_PROTOTYPES = YES;
				CLANG_WARN_SUSPICIOUS_MOVE = YES;
				CLANG_WARN_UNGUARDED_AVAILABILITY = YES_AGGRESSIVE;
				CLANG_WARN_UNREACHABLE_CODE = YES;
				CLANG_WARN__DUPLICATE_METHOD_MATCH = YES;
				COPY_PHASE_STRIP = NO;
				CURRENT_PROJECT_VERSION = 1;
				DEBUG_INFORMATION_FORMAT = "dwarf-with-dsym";
				ENABLE_NS_ASSERTIONS = NO;
				ENABLE_STRICT_OBJC_MSGSEND = YES;
				GCC_C_LANGUAGE_STANDARD = gnu11;
				GCC_NO_COMMON_BLOCKS = YES;
				GCC_WARN_64_TO_32_BIT_CONVERSION = YES;
				GCC_WARN_ABOUT_RETURN_TYPE = YES_ERROR;
				GCC_WARN_UNDECLARED_SELECTOR = YES;
				GCC_WARN_UNINITIALIZED_AUTOS = YES_AGGRESSIVE;
				GCC_WARN_UNUSED_FUNCTION = YES;
				GCC_WARN_UNUSED_VARIABLE = YES;
				IPHONEOS_DEPLOYMENT_TARGET = 12.0;
				MTL_ENABLE_DEBUG_INFO = NO;
				MTL_FAST_MATH = YES;
				SDKROOT = iphoneos;
				TVOS_DEPLOYMENT_TARGET = 12.0;
				VALIDATE_PRODUCT = YES;
				VERSIONING_SYSTEM = "apple-generic";
				VERSION_INFO_PREFIX = "";
			};
			name = Release;
		};
		9CA0011E25A4965F00000001 /* Debug */ = {
			isa = XCBuildConfiguration;
			buildSettings = {
				CODE_SIGN_STYLE = Automatic;
				CODE_SIGNING_ALLOWED = NO;
				CODE_SIGNING_REQUIRED = NO;
				DEFINES_MODULE = YES;
				DYLIB_COMPATIBILITY_VERSION = 1;
				DYLIB_CURRENT_VERSION = 1;
				DYLIB_INSTALL_NAME_BASE = "@rpath";
				FRAMEWORK_SEARCH_PATHS = (
					"$(inherited)",
					"$(BUILT_PRODUCTS_DIR)",
					"$(PROJECT_DIR)",
					"$(PROJECT_DIR)/../NewRelicVideoCore/build/Debug-iphonesimulator",
					"$(PROJECT_DIR)/../NewRelicVideoCore/build/Debug-iphoneos",
				);
				INFOPLIST_FILE = NRMediaTailorTracker/Info.plist;
				INSTALL_PATH = "$(LOCAL_LIBRARY_DIR)/Frameworks";
				IPHONEOS_DEPLOYMENT_TARGET = 12.0;
				LD_RUNPATH_SEARCH_PATHS = (
					"$(inherited)",
					"@executable_path/Frameworks",
					"@loader_path/Frameworks",
				);
				PRODUCT_BUNDLE_IDENTIFIER = com.newrelic.NRMediaTailorTracker;
				PRODUCT_NAME = NRMediaTailorTracker;
				SDKROOT = iphoneos;
				SKIP_INSTALL = YES;
				SUPPORTS_MACCATALYST = NO;
				TARGETED_DEVICE_FAMILY = "1,2";
			};
			name = Debug;
		};
		9CA0011F25A4965F00000001 /* Release */ = {
			isa = XCBuildConfiguration;
			buildSettings = {
				CODE_SIGN_STYLE = Automatic;
				CODE_SIGNING_ALLOWED = NO;
				CODE_SIGNING_REQUIRED = NO;
				DEFINES_MODULE = YES;
				DYLIB_COMPATIBILITY_VERSION = 1;
				DYLIB_CURRENT_VERSION = 1;
				DYLIB_INSTALL_NAME_BASE = "@rpath";
				FRAMEWORK_SEARCH_PATHS = (
					"$(inherited)",
					"$(BUILT_PRODUCTS_DIR)",
					"$(PROJECT_DIR)",
					"$(PROJECT_DIR)/../NewRelicVideoCore/build/Debug-iphonesimulator",
					"$(PROJECT_DIR)/../NewRelicVideoCore/build/Debug-iphoneos",
				);
				INFOPLIST_FILE = NRMediaTailorTracker/Info.plist;
				INSTALL_PATH = "$(LOCAL_LIBRARY_DIR)/Frameworks";
				IPHONEOS_DEPLOYMENT_TARGET = 12.0;
				LD_RUNPATH_SEARCH_PATHS = (
					"$(inherited)",
					"@executable_path/Frameworks",
					"@loader_path/Frameworks",
				);
				PRODUCT_BUNDLE_IDENTIFIER = com.newrelic.NRMediaTailorTracker;
				PRODUCT_NAME = NRMediaTailorTracker;
				SDKROOT = iphoneos;
				SKIP_INSTALL = YES;
				SUPPORTS_MACCATALYST = NO;
				TARGETED_DEVICE_FAMILY = "1,2";
			};
			name = Release;
		};
		9CA0012125A4965F00000001 /* Debug */ = {
			isa = XCBuildConfiguration;
			buildSettings = {
				CODE_SIGN_STYLE = Automatic;
				CODE_SIGNING_ALLOWED = NO;
				CODE_SIGNING_REQUIRED = NO;
				DEFINES_MODULE = YES;
				DYLIB_COMPATIBILITY_VERSION = 1;
				DYLIB_CURRENT_VERSION = 1;
				DYLIB_INSTALL_NAME_BASE = "@rpath";
				FRAMEWORK_SEARCH_PATHS = (
					"$(inherited)",
					"$(BUILT_PRODUCTS_DIR)",
					"$(PROJECT_DIR)",
					"$(PROJECT_DIR)/../NewRelicVideoCore/build/Debug-appletvsimulator",
					"$(PROJECT_DIR)/../NewRelicVideoCore/build/Debug-appletvos",
				);
				INFOPLIST_FILE = NRMediaTailorTracker/Info.plist;
				INSTALL_PATH = "$(LOCAL_LIBRARY_DIR)/Frameworks";
				LD_RUNPATH_SEARCH_PATHS = (
					"$(inherited)",
					"@executable_path/Frameworks",
					"@loader_path/Frameworks",
				);
				PRODUCT_BUNDLE_IDENTIFIER = "com.newrelic.tvOS-NRMediaTailorTracker";
				PRODUCT_NAME = NRMediaTailorTracker;
				SDKROOT = appletvos;
				SKIP_INSTALL = YES;
				TARGETED_DEVICE_FAMILY = 3;
				TVOS_DEPLOYMENT_TARGET = 12.0;
			};
			name = Debug;
		};
		9CA0012225A4965F00000001 /* Release */ = {
			isa = XCBuildConfiguration;
			buildSettings = {
				CODE_SIGN_STYLE = Automatic;
				CODE_SIGNING_ALLOWED = NO;
				CODE_SIGNING_REQUIRED = NO;
				DEFINES_MODULE = YES;
				DYLIB_COMPATIBILITY_VERSION = 1;
				DYLIB_CURRENT_VERSION = 1;
				DYLIB_INSTALL_NAME_BASE = "@rpath";
				FRAMEWORK_SEARCH_PATHS = (
					"$(inherited)",
					"$(BUILT_PRODUCTS_DIR)",
					"$(PROJECT_DIR)",
					"$(PROJECT_DIR)/../NewRelicVideoCore/build/Debug-appletvsimulator",
					"$(PROJECT_DIR)/../NewRelicVideoCore/build/Debug-appletvos",
				);
				INFOPLIST_FILE = NRMediaTailorTracker/Info.plist;
				INSTALL_PATH = "$(LOCAL_LIBRARY_DIR)/Frameworks";
				LD_RUNPATH_SEARCH_PATHS = (
					"$(inherited)",
					"@executable_path/Frameworks",
					"@loader_path/Frameworks",
				);
				PRODUCT_BUNDLE_IDENTIFIER = "com.newrelic.tvOS-NRMediaTailorTracker";
				PRODUCT_NAME = NRMediaTailorTracker;
				SDKROOT = appletvos;
				SKIP_INSTALL = YES;
				TARGETED_DEVICE_FAMILY = 3;
				TVOS_DEPLOYMENT_TARGET = 12.0;
			};
			name = Release;
		};
		AB100060000000000000A000 /* Debug */ = {
			isa = XCBuildConfiguration;
			buildSettings = {
				ALWAYS_EMBED_SWIFT_STANDARD_LIBRARIES = YES;
				BUNDLE_LOADER = "";
				CLANG_ENABLE_MODULES = YES;
				CODE_SIGN_STYLE = Automatic;
				CODE_SIGNING_ALLOWED = NO;
				CODE_SIGNING_REQUIRED = NO;
				FRAMEWORK_SEARCH_PATHS = (
					"$(inherited)",
					"$(BUILT_PRODUCTS_DIR)",
					"$(PROJECT_DIR)",
					"$(PROJECT_DIR)/../NewRelicVideoCore/build/Debug-iphonesimulator",
					"$(PROJECT_DIR)/../NewRelicVideoCore/build/Debug-iphoneos",
				);
				INFOPLIST_FILE = NRMediaTailorTrackerTests/Info.plist;
				IPHONEOS_DEPLOYMENT_TARGET = 12.0;
				LD_RUNPATH_SEARCH_PATHS = (
					"$(inherited)",
					"@executable_path/Frameworks",
					"@loader_path/Frameworks",
					"$(BUILT_PRODUCTS_DIR)",
					"$(PROJECT_DIR)/../NewRelicVideoCore/build/Debug-iphonesimulator",
					"$(PROJECT_DIR)/../NewRelicVideoCore/build/Debug-iphoneos",
				);
				PRODUCT_BUNDLE_IDENTIFIER = com.newrelic.NRMediaTailorTrackerTests;
				PRODUCT_NAME = "$(TARGET_NAME)";
				SDKROOT = iphoneos;
				TARGETED_DEVICE_FAMILY = "1,2";
			};
			name = Debug;
		};
		AB100061000000000000A000 /* Release */ = {
			isa = XCBuildConfiguration;
			buildSettings = {
				ALWAYS_EMBED_SWIFT_STANDARD_LIBRARIES = YES;
				BUNDLE_LOADER = "";
				CLANG_ENABLE_MODULES = YES;
				CODE_SIGN_STYLE = Automatic;
				CODE_SIGNING_ALLOWED = NO;
				CODE_SIGNING_REQUIRED = NO;
				FRAMEWORK_SEARCH_PATHS = (
					"$(inherited)",
					"$(BUILT_PRODUCTS_DIR)",
					"$(PROJECT_DIR)",
					"$(PROJECT_DIR)/../NewRelicVideoCore/build/Debug-iphonesimulator",
					"$(PROJECT_DIR)/../NewRelicVideoCore/build/Debug-iphoneos",
				);
				INFOPLIST_FILE = NRMediaTailorTrackerTests/Info.plist;
				IPHONEOS_DEPLOYMENT_TARGET = 12.0;
				LD_RUNPATH_SEARCH_PATHS = (
					"$(inherited)",
					"@executable_path/Frameworks",
					"@loader_path/Frameworks",
					"$(BUILT_PRODUCTS_DIR)",
					"$(PROJECT_DIR)/../NewRelicVideoCore/build/Debug-iphonesimulator",
					"$(PROJECT_DIR)/../NewRelicVideoCore/build/Debug-iphoneos",
				);
				PRODUCT_BUNDLE_IDENTIFIER = com.newrelic.NRMediaTailorTrackerTests;
				PRODUCT_NAME = "$(TARGET_NAME)";
				SDKROOT = iphoneos;
				TARGETED_DEVICE_FAMILY = "1,2";
			};
			name = Release;
		};
/* End XCBuildConfiguration section */

/* Begin XCConfigurationList section */
		9CA000F825A4965F00000001 /* Build configuration list for PBXProject "NRMediaTailorTracker" */ = {
			isa = XCConfigurationList;
			buildConfigurations = (
				9CA0011B25A4965F00000001 /* Debug */,
				9CA0011C25A4965F00000001 /* Release */,
			);
			defaultConfigurationIsVisible = 0;
			defaultConfigurationName = Release;
		};
		9CA0011D25A4965F00000001 /* Build configuration list for PBXNativeTarget "NRMediaTailorTracker-iOS" */ = {
			isa = XCConfigurationList;
			buildConfigurations = (
				9CA0011E25A4965F00000001 /* Debug */,
				9CA0011F25A4965F00000001 /* Release */,
			);
			defaultConfigurationIsVisible = 0;
			defaultConfigurationName = Release;
		};
		9CA0012025A4965F00000001 /* Build configuration list for PBXNativeTarget "NRMediaTailorTracker-tvOS" */ = {
			isa = XCConfigurationList;
			buildConfigurations = (
				9CA0012125A4965F00000001 /* Debug */,
				9CA0012225A4965F00000001 /* Release */,
			);
			defaultConfigurationIsVisible = 0;
			defaultConfigurationName = Release;
		};
		AB100070000000000000A000 /* Build configuration list for PBXNativeTarget "NRMediaTailorTrackerTests" */ = {
			isa = XCConfigurationList;
			buildConfigurations = (
				AB100060000000000000A000 /* Debug */,
				AB100061000000000000A000 /* Release */,
			);
			defaultConfigurationIsVisible = 0;
			defaultConfigurationName = Release;
		};
/* End XCConfigurationList section */
	};
	rootObject = 9CA000F525A4965F00000001 /* Project object */;
}
