PODS:
  - NewRelicAgent (7.4.5)
  - NewRelicVideoCore (1.0.0):
    - NewRelicAgent
  - NRAVPlayerTracker (1.0.0):
    - NewRelicVideoCore

DEPENDENCIES:
  - NewRelicVideoCore (from `../../../`)
  - NRAVPlayerTracker (from `../../../`)

SPEC REPOS:
  trunk:
    - NewRelicAgent

EXTERNAL SOURCES:
  NewRelicVideoCore:
    :path: "../../../"
  NRAVPlayerTracker:
    :path: "../../../"

SPEC CHECKSUMS:
  NewRelicAgent: ac619f4d5719d2fe1f95245b77cbacd4a63a1dac
  NewRelicVideoCore: 0344c1e417f89847b984f1fa8b84f2f909107078
  NRAVPlayerTracker: 87bc61487026a3f1f8fea021f96dad96265d2293

PODFILE CHECKSUM: f23d4932d2178ffa8fd8a0d1afe4e0b969bce8ae

COCOAPODS: 1.12.1
