PODS:
  - NewRelicVideoAgent (4.0.0)
  - NRAVPlayerTracker (4.0.0):
    - NewRelicVideoAgent

DEPENDENCIES:
  - NewRelicVideoAgent (from `../../../`)
  - NRAVPlayerTracker (from `../../../`)

EXTERNAL SOURCES:
  NewRelicVideoAgent:
    :path: "../../../"
  NRAVPlayerTracker:
    :path: "../../../"

SPEC CHECKSUMS:
  NewRelicVideoAgent: ee0c43d7490ab9d259c04e531f9b7fec95704033
  NRAVPlayerTracker: 08d98564362d7a83873de2ef4e443e2027b7138a

PODFILE CHECKSUM: 031f0ab0c47d49d9c05c14f35c409c6afefe9991

COCOAPODS: 1.16.2
