PODS:
  - NewRelicVideoCore (3.0.1)

DEPENDENCIES:
  - NewRelicVideoCore (from `../../../`)

EXTERNAL SOURCES:
  NewRelicVideoCore:
    :path: "../../../"

SPEC CHECKSUMS:
  NewRelicVideoCore: 9ac5d86ee51b4f129b18ca84c2ea92f76db23e55

PODFILE CHECKSUM: 3f9ba36a8d9ee8b643eb3a2bc398414fcc4f118f

COCOAPODS: 1.16.2
